// !$*UTF8*$!
{
	archiveVersion = 1;
	classes = {
	};
	objectVersion = 46;
	objects = {

/* Begin PBXBuildFile section */
		41B7195C1F069C9C00A42014 /* AppDelegate.swift in Sources */ = {isa = PBXBuildFile; fileRef = 41B7195B1F069C9C00A42014 /* AppDelegate.swift */; };
		41B7195E1F069C9C00A42014 /* ViewController.swift in Sources */ = {isa = PBXBuildFile; fileRef = 41B7195D1F069C9C00A42014 /* ViewController.swift */; };
		41B719611F069C9C00A42014 /* Main.storyboard in Resources */ = {isa = PBXBuildFile; fileRef = 41B7195F1F069C9C00A42014 /* Main.storyboard */; };
		41B719631F069C9C00A42014 /* Assets.xcassets in Resources */ = {isa = PBXBuildFile; fileRef = 41B719621F069C9C00A42014 /* Assets.xcassets */; };
		41B719661F069C9C00A42014 /* LaunchScreen.storyboard in Resources */ = {isa = PBXBuildFile; fileRef = 41B719641F069C9C00A42014 /* LaunchScreen.storyboard */; };
		41B719711F069C9C00A42014 /* flayyTests.swift in Sources */ = {isa = PBXBuildFile; fileRef = 41B719701F069C9C00A42014 /* flayyTests.swift */; };
		41B7197C1F069C9C00A42014 /* flayyUITests.swift in Sources */ = {isa = PBXBuildFile; fileRef = 41B7197B1F069C9C00A42014 /* flayyUITests.swift */; };
/* End PBXBuildFile section */

/* Begin PBXContainerItemProxy section */
		41B7196D1F069C9C00A42014 /* PBXContainerItemProxy */ = {
			isa = PBXContainerItemProxy;
			containerPortal = 41B719501F069C9C00A42014 /* Project object */;
			proxyType = 1;
			remoteGlobalIDString = 41B719571F069C9C00A42014;
			remoteInfo = flayy;
		};
		41B719781F069C9C00A42014 /* PBXContainerItemProxy */ = {
			isa = PBXContainerItemProxy;
			containerPortal = 41B719501F069C9C00A42014 /* Project object */;
			proxyType = 1;
			remoteGlobalIDString = 41B719571F069C9C00A42014;
			remoteInfo = flayy;
		};
/* End PBXContainerItemProxy section */

/* Begin PBXFileReference section */
		41B719581F069C9C00A42014 /* flayy.app */ = {isa = PBXFileReference; explicitFileType = wrapper.application; includeInIndex = 0; path = flayy.app; sourceTree = BUILT_PRODUCTS_DIR; };
		41B7195B1F069C9C00A42014 /* AppDelegate.swift */ = {isa = PBXFileReference; lastKnownFileType = sourcecode.swift; path = AppDelegate.swift; sourceTree = "<group>"; };
		41B7195D1F069C9C00A42014 /* ViewController.swift */ = {isa = PBXFileReference; lastKnownFileType = sourcecode.swift; path = ViewController.swift; sourceTree = "<group>"; };
		41B719601F069C9C00A42014 /* Base */ = {isa = PBXFileReference; lastKnownFileType = file.storyboard; name = Base; path = Base.lproj/Main.storyboard; sourceTree = "<group>"; };
		41B719621F069C9C00A42014 /* Assets.xcassets */ = {isa = PBXFileReference; lastKnownFileType = folder.assetcatalog; path = Assets.xcassets; sourceTree = "<group>"; };
		41B719651F069C9C00A42014 /* Base */ = {isa = PBXFileReference; lastKnownFileType = file.storyboard; name = Base; path = Base.lproj/LaunchScreen.storyboard; sourceTree = "<group>"; };
		41B719671F069C9C00A42014 /* Info.plist */ = {isa = PBXFileReference; lastKnownFileType = text.plist.xml; path = Info.plist; sourceTree = "<group>"; };
		41B7196C1F069C9C00A42014 /* flayyTests.xctest */ = {isa = PBXFileReference; explicitFileType = wrapper.cfbundle; includeInIndex = 0; path = flayyTests.xctest; sourceTree = BUILT_PRODUCTS_DIR; };
		41B719701F069C9C00A42014 /* flayyTests.swift */ = {isa = PBXFileReference; lastKnownFileType = sourcecode.swift; path = flayyTests.swift; sourceTree = "<group>"; };
		41B719721F069C9C00A42014 /* Info.plist */ = {isa = PBXFileReference; lastKnownFileType = text.plist.xml; path = Info.plist; sourceTree = "<group>"; };
		41B719771F069C9C00A42014 /* flayyUITests.xctest */ = {isa = PBXFileReference; explicitFileType = wrapper.cfbundle; includeInIndex = 0; path = flayyUITests.xctest; sourceTree = BUILT_PRODUCTS_DIR; };
		41B7197B1F069C9C00A42014 /* flayyUITests.swift */ = {isa = PBXFileReference; lastKnownFileType = sourcecode.swift; path = flayyUITests.swift; sourceTree = "<group>"; };
		41B7197D1F069C9C00A42014 /* Info.plist */ = {isa = PBXFileReference; lastKnownFileType = text.plist.xml; path = Info.plist; sourceTree = "<group>"; };
/* End PBXFileReference section */

/* Begin PBXFrameworksBuildPhase section */
		41B719551F069C9C00A42014 /* Frameworks */ = {
			isa = PBXFrameworksBuildPhase;
			buildActionMask = 2147483647;
			files = (
			);
			runOnlyForDeploymentPostprocessing = 0;
		};
		41B719691F069C9C00A42014 /* Frameworks */ = {
			isa = PBXFrameworksBuildPhase;
			buildActionMask = 2147483647;
			files = (
			);
			runOnlyForDeploymentPostprocessing = 0;
		};
		41B719741F069C9C00A42014 /* Frameworks */ = {
			isa = PBXFrameworksBuildPhase;
			buildActionMask = 2147483647;
			files = (
			);
			runOnlyForDeploymentPostprocessing = 0;
		};
/* End PBXFrameworksBuildPhase section */

/* Begin PBXGroup section */
		41B7194F1F069C9C00A42014 = {
			isa = PBXGroup;
			children = (
				41B7195A1F069C9C00A42014 /* flayy */,
				41B7196F1F069C9C00A42014 /* flayyTests */,
				41B7197A1F069C9C00A42014 /* flayyUITests */,
				41B719591F069C9C00A42014 /* Products */,
			);
			sourceTree = "<group>";
		};
		41B719591F069C9C00A42014 /* Products */ = {
			isa = PBXGroup;
			children = (
				41B719581F069C9C00A42014 /* flayy.app */,
				41B7196C1F069C9C00A42014 /* flayyTests.xctest */,
				41B719771F069C9C00A42014 /* flayyUITests.xctest */,
			);
			name = Products;
			sourceTree = "<group>";
		};
		41B7195A1F069C9C00A42014 /* flayy */ = {
			isa = PBXGroup;
			children = (
				41B7195B1F069C9C00A42014 /* AppDelegate.swift */,
				41B7195D1F069C9C00A42014 /* ViewController.swift */,
				41B7195F1F069C9C00A42014 /* Main.storyboard */,
				41B719621F069C9C00A42014 /* Assets.xcassets */,
				41B719641F069C9C00A42014 /* LaunchScreen.storyboard */,
				41B719671F069C9C00A42014 /* Info.plist */,
			);
			path = flayy;
			sourceTree = "<group>";
		};
		41B7196F1F069C9C00A42014 /* flayyTests */ = {
			isa = PBXGroup;
			children = (
				41B719701F069C9C00A42014 /* flayyTests.swift */,
				41B719721F069C9C00A42014 /* Info.plist */,
			);
			path = flayyTests;
			sourceTree = "<group>";
		};
		41B7197A1F069C9C00A42014 /* flayyUITests */ = {
			isa = PBXGroup;
			children = (
				41B7197B1F069C9C00A42014 /* flayyUITests.swift */,
				41B7197D1F069C9C00A42014 /* Info.plist */,
			);
			path = flayyUITests;
			sourceTree = "<group>";
		};
/* End PBXGroup section */

/* Begin PBXNativeTarget section */
		41B719571F069C9C00A42014 /* flayy */ = {
			isa = PBXNativeTarget;
			buildConfigurationList = 41B719801F069C9C00A42014 /* Build configuration list for PBXNativeTarget "flayy" */;
			buildPhases = (
				41B719541F069C9C00A42014 /* Sources */,
				41B719551F069C9C00A42014 /* Frameworks */,
				41B719561F069C9C00A42014 /* Resources */,
			);
			buildRules = (
			);
			dependencies = (
			);
			name = flayy;
			productName = flayy;
			productReference = 41B719581F069C9C00A42014 /* flayy.app */;
			productType = "com.apple.product-type.application";
		};
		41B7196B1F069C9C00A42014 /* flayyTests */ = {
			isa = PBXNativeTarget;
			buildConfigurationList = 41B719831F069C9C00A42014 /* Build configuration list for PBXNativeTarget "flayyTests" */;
			buildPhases = (
				41B719681F069C9C00A42014 /* Sources */,
				41B719691F069C9C00A42014 /* Frameworks */,
				41B7196A1F069C9C00A42014 /* Resources */,
			);
			buildRules = (
			);
			dependencies = (
				41B7196E1F069C9C00A42014 /* PBXTargetDependency */,
			);
			name = flayyTests;
			productName = flayyTests;
			productReference = 41B7196C1F069C9C00A42014 /* flayyTests.xctest */;
			productType = "com.apple.product-type.bundle.unit-test";
		};
		41B719761F069C9C00A42014 /* flayyUITests */ = {
			isa = PBXNativeTarget;
			buildConfigurationList = 41B719861F069C9C00A42014 /* Build configuration list for PBXNativeTarget "flayyUITests" */;
			buildPhases = (
				41B719731F069C9C00A42014 /* Sources */,
				41B719741F069C9C00A42014 /* Frameworks */,
				41B719751F069C9C00A42014 /* Resources */,
			);
			buildRules = (
			);
			dependencies = (
				41B719791F069C9C00A42014 /* PBXTargetDependency */,
			);
			name = flayyUITests;
			productName = flayyUITests;
			productReference = 41B719771F069C9C00A42014 /* flayyUITests.xctest */;
			productType = "com.apple.product-type.bundle.ui-testing";
		};
/* End PBXNativeTarget section */

/* Begin PBXProject section */
		41B719501F069C9C00A42014 /* Project object */ = {
			isa = PBXProject;
			attributes = {
				LastSwiftUpdateCheck = 0830;
				LastUpgradeCheck = 0830;
				ORGANIZATIONNAME = "Jose Katzuo Valdez Carmona";
				TargetAttributes = {
					41B719571F069C9C00A42014 = {
						CreatedOnToolsVersion = 8.3.3;
						DevelopmentTeam = QXZXSCK29J;
						ProvisioningStyle = Automatic;
					};
					41B7196B1F069C9C00A42014 = {
						CreatedOnToolsVersion = 8.3.3;
						DevelopmentTeam = QXZXSCK29J;
						ProvisioningStyle = Automatic;
						TestTargetID = 41B719571F069C9C00A42014;
					};
					41B719761F069C9C00A42014 = {
						CreatedOnToolsVersion = 8.3.3;
						DevelopmentTeam = QXZXSCK29J;
						ProvisioningStyle = Automatic;
						TestTargetID = 41B719571F069C9C00A42014;
					};
				};
			};
			buildConfigurationList = 41B719531F069C9C00A42014 /* Build configuration list for PBXProject "flayy" */;
			compatibilityVersion = "Xcode 3.2";
			developmentRegion = English;
			hasScannedForEncodings = 0;
			knownRegions = (
				en,
				Base,
			);
			mainGroup = 41B7194F1F069C9C00A42014;
			productRefGroup = 41B719591F069C9C00A42014 /* Products */;
			projectDirPath = "";
			projectRoot = "";
			targets = (
				41B719571F069C9C00A42014 /* flayy */,
				41B7196B1F069C9C00A42014 /* flayyTests */,
				41B719761F069C9C00A42014 /* flayyUITests */,
			);
		};
/* End PBXProject section */

/* Begin PBXResourcesBuildPhase section */
		41B719561F069C9C00A42014 /* Resources */ = {
			isa = PBXResourcesBuildPhase;
			buildActionMask = 2147483647;
			files = (
				41B719661F069C9C00A42014 /* LaunchScreen.storyboard in Resources */,
				41B719631F069C9C00A42014 /* Assets.xcassets in Resources */,
				41B719611F069C9C00A42014 /* Main.storyboard in Resources */,
			);
			runOnlyForDeploymentPostprocessing = 0;
		};
		41B7196A1F069C9C00A42014 /* Resources */ = {
			isa = PBXResourcesBuildPhase;
			buildActionMask = 2147483647;
			files = (
			);
			runOnlyForDeploymentPostprocessing = 0;
		};
		41B719751F069C9C00A42014 /* Resources */ = {
			isa = PBXResourcesBuildPhase;
			buildActionMask = 2147483647;
			files = (
			);
			runOnlyForDeploymentPostprocessing = 0;
		};
/* End PBXResourcesBuildPhase section */

/* Begin PBXSourcesBuildPhase section */
		41B719541F069C9C00A42014 /* Sources */ = {
			isa = PBXSourcesBuildPhase;
			buildActionMask = 2147483647;
			files = (
				41B7195E1F069C9C00A42014 /* ViewController.swift in Sources */,
				41B7195C1F069C9C00A42014 /* AppDelegate.swift in Sources */,
			);
			runOnlyForDeploymentPostprocessing = 0;
		};
		41B719681F069C9C00A42014 /* Sources */ = {
			isa = PBXSourcesBuildPhase;
			buildActionMask = 2147483647;
			files = (
				41B719711F069C9C00A42014 /* flayyTests.swift in Sources */,
			);
			runOnlyForDeploymentPostprocessing = 0;
		};
		41B719731F069C9C00A42014 /* Sources */ = {
			isa = PBXSourcesBuildPhase;
			buildActionMask = 2147483647;
			files = (
				41B7197C1F069C9C00A42014 /* flayyUITests.swift in Sources */,
			);
			runOnlyForDeploymentPostprocessing = 0;
		};
/* End PBXSourcesBuildPhase section */

/* Begin PBXTargetDependency section */
		41B7196E1F069C9C00A42014 /* PBXTargetDependency */ = {
			isa = PBXTargetDependency;
			target = 41B719571F069C9C00A42014 /* flayy */;
			targetProxy = 41B7196D1F069C9C00A42014 /* PBXContainerItemProxy */;
		};
		41B719791F069C9C00A42014 /* PBXTargetDependency */ = {
			isa = PBXTargetDependency;
			target = 41B719571F069C9C00A42014 /* flayy */;
			targetProxy = 41B719781F069C9C00A42014 /* PBXContainerItemProxy */;
		};
/* End PBXTargetDependency section */

/* Begin PBXVariantGroup section */
		41B7195F1F069C9C00A42014 /* Main.storyboard */ = {
			isa = PBXVariantGroup;
			children = (
				41B719601F069C9C00A42014 /* Base */,
			);
			name = Main.storyboard;
			sourceTree = "<group>";
		};
		41B719641F069C9C00A42014 /* LaunchScreen.storyboard */ = {
			isa = PBXVariantGroup;
			children = (
				41B719651F069C9C00A42014 /* Base */,
			);
			name = LaunchScreen.storyboard;
			sourceTree = "<group>";
		};
/* End PBXVariantGroup section */

/* Begin XCBuildConfiguration section */
		41B7197E1F069C9C00A42014 /* Debug */ = {
			isa = XCBuildConfiguration;
			buildSettings = {
				ALWAYS_SEARCH_USER_PATHS = NO;
				CLANG_ANALYZER_NONNULL = YES;
				CLANG_ANALYZER_NUMBER_OBJECT_CONVERSION = YES_AGGRESSIVE;
				CLANG_CXX_LANGUAGE_STANDARD = "gnu++0x";
				CLANG_CXX_LIBRARY = "libc++";
				CLANG_ENABLE_MODULES = YES;
				CLANG_ENABLE_OBJC_ARC = YES;
				CLANG_WARN_BOOL_CONVERSION = YES;
				CLANG_WARN_CONSTANT_CONVERSION = YES;
				CLANG_WARN_DIRECT_OBJC_ISA_USAGE = YES_ERROR;
				CLANG_WARN_DOCUMENTATION_COMMENTS = YES;
				CLANG_WARN_EMPTY_BODY = YES;
				CLANG_WARN_ENUM_CONVERSION = YES;
				CLANG_WARN_INFINITE_RECURSION = YES;
				CLANG_WARN_INT_CONVERSION = YES;
				CLANG_WARN_OBJC_ROOT_CLASS = YES_ERROR;
				CLANG_WARN_SUSPICIOUS_MOVE = YES;
				CLANG_WARN_UNREACHABLE_CODE = YES;
				CLANG_WARN__DUPLICATE_METHOD_MATCH = YES;
				"CODE_SIGN_IDENTITY[sdk=iphoneos*]" = "iPhone Developer";
				COPY_PHASE_STRIP = NO;
				DEBUG_INFORMATION_FORMAT = dwarf;
				ENABLE_STRICT_OBJC_MSGSEND = YES;
				ENABLE_TESTABILITY = YES;
				GCC_C_LANGUAGE_STANDARD = gnu99;
				GCC_DYNAMIC_NO_PIC = NO;
				GCC_NO_COMMON_BLOCKS = YES;
				GCC_OPTIMIZATION_LEVEL = 0;
				GCC_PREPROCESSOR_DEFINITIONS = (
					"DEBUG=1",
					"$(inherited)",
				);
				GCC_WARN_64_TO_32_BIT_CONVERSION = YES;
				GCC_WARN_ABOUT_RETURN_TYPE = YES_ERROR;
				GCC_WARN_UNDECLARED_SELECTOR = YES;
				GCC_WARN_UNINITIALIZED_AUTOS = YES_AGGRESSIVE;
				GCC_WARN_UNUSED_FUNCTION = YES;
				GCC_WARN_UNUSED_VARIABLE = YES;
				IPHONEOS_DEPLOYMENT_TARGET = 10.3;
				MTL_ENABLE_DEBUG_INFO = YES;
				ONLY_ACTIVE_ARCH = YES;
				SDKROOT = iphoneos;
				SWIFT_ACTIVE_COMPILATION_CONDITIONS = DEBUG;
				SWIFT_OPTIMIZATION_LEVEL = "-Onone";
				TARGETED_DEVICE_FAMILY = "1,2";
			};
			name = Debug;
		};
		41B7197F1F069C9C00A42014 /* Release */ = {
			isa = XCBuildConfiguration;
			buildSettings = {
				ALWAYS_SEARCH_USER_PATHS = NO;
				CLANG_ANALYZER_NONNULL = YES;
				CLANG_ANALYZER_NUMBER_OBJECT_CONVERSION = YES_AGGRESSIVE;
				CLANG_CXX_LANGUAGE_STANDARD = "gnu++0x";
				CLANG_CXX_LIBRARY = "libc++";
				CLANG_ENABLE_MODULES = YES;
				CLANG_ENABLE_OBJC_ARC = YES;
				CLANG_WARN_BOOL_CONVERSION = YES;
				CLANG_WARN_CONSTANT_CONVERSION = YES;
				CLANG_WARN_DIRECT_OBJC_ISA_USAGE = YES_ERROR;
				CLANG_WARN_DOCUMENTATION_COMMENTS = YES;
				CLANG_WARN_EMPTY_BODY = YES;
				CLANG_WARN_ENUM_CONVERSION = YES;
				CLANG_WARN_INFINITE_RECURSION = YES;
				CLANG_WARN_INT_CONVERSION = YES;
				CLANG_WARN_OBJC_ROOT_CLASS = YES_ERROR;
				CLANG_WARN_SUSPICIOUS_MOVE = YES;
				CLANG_WARN_UNREACHABLE_CODE = YES;
				CLANG_WARN__DUPLICATE_METHOD_MATCH = YES;
				"CODE_SIGN_IDENTITY[sdk=iphoneos*]" = "iPhone Developer";
				COPY_PHASE_STRIP = NO;
				DEBUG_INFORMATION_FORMAT = "dwarf-with-dsym";
				ENABLE_NS_ASSERTIONS = NO;
				ENABLE_STRICT_OBJC_MSGSEND = YES;
				GCC_C_LANGUAGE_STANDARD = gnu99;
				GCC_NO_COMMON_BLOCKS = YES;
				GCC_WARN_64_TO_32_BIT_CONVERSION = YES;
				GCC_WARN_ABOUT_RETURN_TYPE = YES_ERROR;
				GCC_WARN_UNDECLARED_SELECTOR = YES;
				GCC_WARN_UNINITIALIZED_AUTOS = YES_AGGRESSIVE;
				GCC_WARN_UNUSED_FUNCTION = YES;
				GCC_WARN_UNUSED_VARIABLE = YES;
				IPHONEOS_DEPLOYMENT_TARGET = 10.3;
				MTL_ENABLE_DEBUG_INFO = NO;
				SDKROOT = iphoneos;
				SWIFT_OPTIMIZATION_LEVEL = "-Owholemodule";
				TARGETED_DEVICE_FAMILY = "1,2";
				VALIDATE_PRODUCT = YES;
			};
			name = Release;
		};
		41B719811F069C9C00A42014 /* Debug */ = {
			isa = XCBuildConfiguration;
			buildSettings = {
				ASSETCATALOG_COMPILER_APPICON_NAME = AppIcon;
				DEVELOPMENT_TEAM = QXZXSCK29J;
				INFOPLIST_FILE = flayy/Info.plist;
				LD_RUNPATH_SEARCH_PATHS = "$(inherited) @executable_path/Frameworks";
				PRODUCT_BUNDLE_IDENTIFIER = com.camsa.flayy;
				PRODUCT_NAME = "$(TARGET_NAME)";
				SWIFT_VERSION = 3.0;
			};
			name = Debug;
		};
		41B719821F069C9C00A42014 /* Release */ = {
			isa = XCBuildConfiguration;
			buildSettings = {
				ASSETCATALOG_COMPILER_APPICON_NAME = AppIcon;
				DEVELOPMENT_TEAM = QXZXSCK29J;
				INFOPLIST_FILE = flayy/Info.plist;
				LD_RUNPATH_SEARCH_PATHS = "$(inherited) @executable_path/Frameworks";
				PRODUCT_BUNDLE_IDENTIFIER = com.camsa.flayy;
				PRODUCT_NAME = "$(TARGET_NAME)";
				SWIFT_VERSION = 3.0;
			};
			name = Release;
		};
		41B719841F069C9C00A42014 /* Debug */ = {
			isa = XCBuildConfiguration;
			buildSettings = {
				ALWAYS_EMBED_SWIFT_STANDARD_LIBRARIES = YES;
				BUNDLE_LOADER = "$(TEST_HOST)";
				DEVELOPMENT_TEAM = QXZXSCK29J;
				INFOPLIST_FILE = flayyTests/Info.plist;
				LD_RUNPATH_SEARCH_PATHS = "$(inherited) @executable_path/Frameworks @loader_path/Frameworks";
				PRODUCT_BUNDLE_IDENTIFIER = com.camsa.flayyTests;
				PRODUCT_NAME = "$(TARGET_NAME)";
				SWIFT_VERSION = 3.0;
				TEST_HOST = "$(BUILT_PRODUCTS_DIR)/flayy.app/flayy";
			};
			name = Debug;
		};
		41B719851F069C9C00A42014 /* Release */ = {
			isa = XCBuildConfiguration;
			buildSettings = {
				ALWAYS_EMBED_SWIFT_STANDARD_LIBRARIES = YES;
				BUNDLE_LOADER = "$(TEST_HOST)";
				DEVELOPMENT_TEAM = QXZXSCK29J;
				INFOPLIST_FILE = flayyTests/Info.plist;
				LD_RUNPATH_SEARCH_PATHS = "$(inherited) @executable_path/Frameworks @loader_path/Frameworks";
				PRODUCT_BUNDLE_IDENTIFIER = com.camsa.flayyTests;
				PRODUCT_NAME = "$(TARGET_NAME)";
				SWIFT_VERSION = 3.0;
				TEST_HOST = "$(BUILT_PRODUCTS_DIR)/flayy.app/flayy";
			};
			name = Release;
		};
		41B719871F069C9C00A42014 /* Debug */ = {
			isa = XCBuildConfiguration;
			buildSettings = {
				ALWAYS_EMBED_SWIFT_STANDARD_LIBRARIES = YES;
				DEVELOPMENT_TEAM = QXZXSCK29J;
				INFOPLIST_FILE = flayyUITests/Info.plist;
				LD_RUNPATH_SEARCH_PATHS = "$(inherited) @executable_path/Frameworks @loader_path/Frameworks";
				PRODUCT_BUNDLE_IDENTIFIER = com.camsa.flayyUITests;
				PRODUCT_NAME = "$(TARGET_NAME)";
				SWIFT_VERSION = 3.0;
				TEST_TARGET_NAME = flayy;
			};
			name = Debug;
		};
		41B719881F069C9C00A42014 /* Release */ = {
			isa = XCBuildConfiguration;
			buildSettings = {
				ALWAYS_EMBED_SWIFT_STANDARD_LIBRARIES = YES;
				DEVELOPMENT_TEAM = QXZXSCK29J;
				INFOPLIST_FILE = flayyUITests/Info.plist;
				LD_RUNPATH_SEARCH_PATHS = "$(inherited) @executable_path/Frameworks @loader_path/Frameworks";
				PRODUCT_BUNDLE_IDENTIFIER = com.camsa.flayyUITests;
				PRODUCT_NAME = "$(TARGET_NAME)";
				SWIFT_VERSION = 3.0;
				TEST_TARGET_NAME = flayy;
			};
			name = Release;
		};
/* End XCBuildConfiguration section */

/* Begin XCConfigurationList section */
		41B719531F069C9C00A42014 /* Build configuration list for PBXProject "flayy" */ = {
			isa = XCConfigurationList;
			buildConfigurations = (
				41B7197E1F069C9C00A42014 /* Debug */,
				41B7197F1F069C9C00A42014 /* Release */,
			);
			defaultConfigurationIsVisible = 0;
			defaultConfigurationName = Release;
		};
		41B719801F069C9C00A42014 /* Build configuration list for PBXNativeTarget "flayy" */ = {
			isa = XCConfigurationList;
			buildConfigurations = (
				41B719811F069C9C00A42014 /* Debug */,
				41B719821F069C9C00A42014 /* Release */,
			);
			defaultConfigurationIsVisible = 0;
		};
		41B719831F069C9C00A42014 /* Build configuration list for PBXNativeTarget "flayyTests" */ = {
			isa = XCConfigurationList;
			buildConfigurations = (
				41B719841F069C9C00A42014 /* Debug */,
				41B719851F069C9C00A42014 /* Release */,
			);
			defaultConfigurationIsVisible = 0;
		};
		41B719861F069C9C00A42014 /* Build configuration list for PBXNativeTarget "flayyUITests" */ = {
			isa = XCConfigurationList;
			buildConfigurations = (
				41B719871F069C9C00A42014 /* Debug */,
				41B719881F069C9C00A42014 /* Release */,
			);
			defaultConfigurationIsVisible = 0;
		};
/* End XCConfigurationList section */
	};
	rootObject = 41B719501F069C9C00A42014 /* Project object */;
}
