// !$*UTF8*$!
{
	archiveVersion = 1;
	classes = {
	};
	objectVersion = 46;
	objects = {

/* Begin PBXBuildFile section */
		4101DCC71F13B5930096FC84 /* slide1.gif in Resources */ = {isa = PBXBuildFile; fileRef = 4101DCC61F13B5930096FC84 /* slide1.gif */; };
		4101DCCB1F13B5D20096FC84 /* slide2.gif in Resources */ = {isa = PBXBuildFile; fileRef = 4101DCC81F13B5D20096FC84 /* slide2.gif */; };
		4101DCCC1F13B5D20096FC84 /* slide3.gif in Resources */ = {isa = PBXBuildFile; fileRef = 4101DCC91F13B5D20096FC84 /* slide3.gif */; };
		4101DCCD1F13B5D20096FC84 /* slide4b.gif in Resources */ = {isa = PBXBuildFile; fileRef = 4101DCCA1F13B5D20096FC84 /* slide4b.gif */; };
		4101DCD11F13BEC90096FC84 /* One.swift in Sources */ = {isa = PBXBuildFile; fileRef = 4101DCD01F13BEC90096FC84 /* One.swift */; };
		4101DCD31F13C4890096FC84 /* Two.swift in Sources */ = {isa = PBXBuildFile; fileRef = 4101DCD21F13C4890096FC84 /* Two.swift */; };
		4101DCD71F13C51B0096FC84 /* Four.swift in Sources */ = {isa = PBXBuildFile; fileRef = 4101DCD61F13C51B0096FC84 /* Four.swift */; };
		4101DCD91F13CB760096FC84 /* Gif.swift in Sources */ = {isa = PBXBuildFile; fileRef = 4101DCD81F13CB760096FC84 /* Gif.swift */; };
		4101DCDC1F13D56C0096FC84 /* Three.swift in Sources */ = {isa = PBXBuildFile; fileRef = 4101DCDB1F13D56C0096FC84 /* Three.swift */; };
		4104F4041F1FBC6D00F222B9 /* PlacesViewController.swift in Sources */ = {isa = PBXBuildFile; fileRef = 4104F4031F1FBC6D00F222B9 /* PlacesViewController.swift */; };
		4104F4061F1FD6BB00F222B9 /* ic28_casita.jpg in Resources */ = {isa = PBXBuildFile; fileRef = 4104F4051F1FD6BB00F222B9 /* ic28_casita.jpg */; };
		4104F40C1F200BC800F222B9 /* PlacesConfigViewController.swift in Sources */ = {isa = PBXBuildFile; fileRef = 4104F40B1F200BC800F222B9 /* PlacesConfigViewController.swift */; };
		4107704D1F2B89AA004474BD /* kato.jpg in Resources */ = {isa = PBXBuildFile; fileRef = 4107704C1F2B89AA004474BD /* kato.jpg */; };
		410836FF1F1CFEB500F929F4 /* menuDesignViewController.swift in Sources */ = {isa = PBXBuildFile; fileRef = 410836FE1F1CFEB500F929F4 /* menuDesignViewController.swift */; };
		410837011F1CFED800F929F4 /* gruposSelectViewController.swift in Sources */ = {isa = PBXBuildFile; fileRef = 410837001F1CFED800F929F4 /* gruposSelectViewController.swift */; };
		410837031F1CFEF800F929F4 /* membersSelectViewController.swift in Sources */ = {isa = PBXBuildFile; fileRef = 410837021F1CFEF800F929F4 /* membersSelectViewController.swift */; };
		410837051F1D141800F929F4 /* helpViewController.swift in Sources */ = {isa = PBXBuildFile; fileRef = 410837041F1D141800F929F4 /* helpViewController.swift */; };
		410B334A1F6AF73E00F3F443 /* GeoNotification.swift in Sources */ = {isa = PBXBuildFile; fileRef = 410B33491F6AF73E00F3F443 /* GeoNotification.swift */; };
		4111D0D51F3273C10045AEF4 /* CustomMenu.swift in Sources */ = {isa = PBXBuildFile; fileRef = 4111D0D41F3273C10045AEF4 /* CustomMenu.swift */; };
		4114847C1F71876A006761AE /* ic_battery_10.png in Resources */ = {isa = PBXBuildFile; fileRef = 411484761F71876A006761AE /* ic_battery_10.png */; };
		4114847D1F71876A006761AE /* ic_battery_30.png in Resources */ = {isa = PBXBuildFile; fileRef = 411484771F71876A006761AE /* ic_battery_30.png */; };
		4114847E1F71876A006761AE /* ic_battery_50.png in Resources */ = {isa = PBXBuildFile; fileRef = 411484781F71876A006761AE /* ic_battery_50.png */; };
		4114847F1F71876A006761AE /* ic_battery_70.png in Resources */ = {isa = PBXBuildFile; fileRef = 411484791F71876A006761AE /* ic_battery_70.png */; };
		411484801F71876A006761AE /* ic_battery_0.png in Resources */ = {isa = PBXBuildFile; fileRef = 4114847A1F71876A006761AE /* ic_battery_0.png */; };
		411484811F71876A006761AE /* ic_battery_100.png in Resources */ = {isa = PBXBuildFile; fileRef = 4114847B1F71876A006761AE /* ic_battery_100.png */; };
		412BC81E1F4DD7A20066E9B2 /* Login2ViewController.swift in Sources */ = {isa = PBXBuildFile; fileRef = 412BC81D1F4DD7A20066E9B2 /* Login2ViewController.swift */; };
		414524691F575DD60095C8F2 /* utils.swift in Sources */ = {isa = PBXBuildFile; fileRef = 414524681F575DD60095C8F2 /* utils.swift */; };
		4145246D1F5DA51D0095C8F2 /* menuTableViewCell.swift in Sources */ = {isa = PBXBuildFile; fileRef = 4145246C1F5DA51D0095C8F2 /* menuTableViewCell.swift */; };
		414524731F5EF1A20095C8F2 /* firebaseManager.swift in Sources */ = {isa = PBXBuildFile; fileRef = 414524721F5EF1A20095C8F2 /* firebaseManager.swift */; };
		414524751F5EF4900095C8F2 /* reachNet.swift in Sources */ = {isa = PBXBuildFile; fileRef = 414524741F5EF4900095C8F2 /* reachNet.swift */; };
		414524771F634B7D0095C8F2 /* waspyMemberMarker.swift in Sources */ = {isa = PBXBuildFile; fileRef = 414524761F634B7D0095C8F2 /* waspyMemberMarker.swift */; };
		4149906C1F2A617500A87B34 /* cicleBorderpic.swift in Sources */ = {isa = PBXBuildFile; fileRef = 4149906B1F2A617500A87B34 /* cicleBorderpic.swift */; };
		417E64701F16703200DDA8F8 /* MapController.swift in Sources */ = {isa = PBXBuildFile; fileRef = 417E646F1F16703200DDA8F8 /* MapController.swift */; };
		417E64791F191AB200DDA8F8 /* ic_group_black_24dp.png in Resources */ = {isa = PBXBuildFile; fileRef = 417E64771F191AB200DDA8F8 /* ic_group_black_24dp.png */; };
		417E647A1F191AB200DDA8F8 /* lugares.png in Resources */ = {isa = PBXBuildFile; fileRef = 417E64781F191AB200DDA8F8 /* lugares.png */; };
		417E647D1F191E8900DDA8F8 /* faq.png in Resources */ = {isa = PBXBuildFile; fileRef = 417E647B1F191E8900DDA8F8 /* faq.png */; };
		417E647E1F191E8900DDA8F8 /* config.png in Resources */ = {isa = PBXBuildFile; fileRef = 417E647C1F191E8900DDA8F8 /* config.png */; };
		417F8A171F28DA7E00C4AE58 /* Rounded.swift in Sources */ = {isa = PBXBuildFile; fileRef = 417F8A161F28DA7E00C4AE58 /* Rounded.swift */; };
		417F8A1A1F29210600C4AE58 /* asyncData.swift in Sources */ = {isa = PBXBuildFile; fileRef = 417F8A191F29210600C4AE58 /* asyncData.swift */; };
		417FC9511F5626D700EDC5A7 /* GoogleMaps.framework in Frameworks */ = {isa = PBXBuildFile; fileRef = 411BC24F1F546E2800E5560D /* GoogleMaps.framework */; };
		417FC9531F56274D00EDC5A7 /* GoogleMaps.bundle in Resources */ = {isa = PBXBuildFile; fileRef = 417FC9521F56274D00EDC5A7 /* GoogleMaps.bundle */; };
		4181C5BB1F1538C90099A83E /* foto.png in Resources */ = {isa = PBXBuildFile; fileRef = 4181C5BA1F1538C90099A83E /* foto.png */; };
		4181C5BF1F154CDE0099A83E /* marker_layout.png in Resources */ = {isa = PBXBuildFile; fileRef = 4181C5BE1F154CDE0099A83E /* marker_layout.png */; };
		4181C5C11F1562040099A83E /* circlo.png in Resources */ = {isa = PBXBuildFile; fileRef = 4181C5C01F1562040099A83E /* circlo.png */; };
		4181C5C31F15789F0099A83E /* marker_70x.png in Resources */ = {isa = PBXBuildFile; fileRef = 4181C5C21F15789F0099A83E /* marker_70x.png */; };
		4181C5C51F157B9F0099A83E /* Icon-App-72x72@2x.png in Resources */ = {isa = PBXBuildFile; fileRef = 4181C5C41F157B9F0099A83E /* Icon-App-72x72@2x.png */; };
		4183CF101F3B6658008DFC76 /* prueba12.mp4 in Resources */ = {isa = PBXBuildFile; fileRef = 4183CF0F1F3B6658008DFC76 /* prueba12.mp4 */; };
		4183E4D71F0D98CC00ECBED4 /* menu_icon.png in Resources */ = {isa = PBXBuildFile; fileRef = 4183E4D61F0D98CC00ECBED4 /* menu_icon.png */; };
		4183E4DB1F0D9BDD00ECBED4 /* menu_icon_small.png in Resources */ = {isa = PBXBuildFile; fileRef = 4183E4DA1F0D9BDD00ECBED4 /* menu_icon_small.png */; };
		4183E4DE1F0DA21300ECBED4 /* grupos.png in Resources */ = {isa = PBXBuildFile; fileRef = 4183E4DC1F0DA21300ECBED4 /* grupos.png */; };
		4183E4E11F0E9C6900ECBED4 /* arrow_up_small.ico in Resources */ = {isa = PBXBuildFile; fileRef = 4183E4E01F0E9C6900ECBED4 /* arrow_up_small.ico */; };
		4183E4E41F0EA41400ECBED4 /* dron_small.png in Resources */ = {isa = PBXBuildFile; fileRef = 4183E4E21F0EA41400ECBED4 /* dron_small.png */; };
		4183E4E51F0EA41400ECBED4 /* dron.png in Resources */ = {isa = PBXBuildFile; fileRef = 4183E4E31F0EA41400ECBED4 /* dron.png */; };
		4183E4E81F0EA42B00ECBED4 /* local_small.png in Resources */ = {isa = PBXBuildFile; fileRef = 4183E4E61F0EA42B00ECBED4 /* local_small.png */; };
		4183E4E91F0EA42B00ECBED4 /* local.png in Resources */ = {isa = PBXBuildFile; fileRef = 4183E4E71F0EA42B00ECBED4 /* local.png */; };
		4183E4F11F0EE1BD00ECBED4 /* defaultIMG.png in Resources */ = {isa = PBXBuildFile; fileRef = 4183E4F01F0EE1BD00ECBED4 /* defaultIMG.png */; };
		4183E4F31F0EE2C000ECBED4 /* camera.png in Resources */ = {isa = PBXBuildFile; fileRef = 4183E4F21F0EE2C000ECBED4 /* camera.png */; };
		4183E4F51F0EE2EF00ECBED4 /* camera_big.png in Resources */ = {isa = PBXBuildFile; fileRef = 4183E4F41F0EE2EF00ECBED4 /* camera_big.png */; };
		41932AFC1F68288100BACA70 /* LocationServices.swift in Sources */ = {isa = PBXBuildFile; fileRef = 41932AFB1F68288100BACA70 /* LocationServices.swift */; };
		4194EA9A1F1044F0002A4F21 /* HelpController.swift in Sources */ = {isa = PBXBuildFile; fileRef = 4194EA991F1044F0002A4F21 /* HelpController.swift */; };
		41ACBADE1F44ABD700C8DFB9 /* photos.png in Resources */ = {isa = PBXBuildFile; fileRef = 41ACBADD1F44ABD700C8DFB9 /* photos.png */; };
		41ACBAE31F460C9E00C8DFB9 /* keyboardDesign.swift in Sources */ = {isa = PBXBuildFile; fileRef = 41ACBAE21F460C9E00C8DFB9 /* keyboardDesign.swift */; };
		41B7195C1F069C9C00A42014 /* AppDelegate.swift in Sources */ = {isa = PBXBuildFile; fileRef = 41B7195B1F069C9C00A42014 /* AppDelegate.swift */; };
		41B7195E1F069C9C00A42014 /* LoginViewController.swift in Sources */ = {isa = PBXBuildFile; fileRef = 41B7195D1F069C9C00A42014 /* LoginViewController.swift */; };
		41B719611F069C9C00A42014 /* Main.storyboard in Resources */ = {isa = PBXBuildFile; fileRef = 41B7195F1F069C9C00A42014 /* Main.storyboard */; };
		41B719631F069C9C00A42014 /* Assets.xcassets in Resources */ = {isa = PBXBuildFile; fileRef = 41B719621F069C9C00A42014 /* Assets.xcassets */; };
		41B719661F069C9C00A42014 /* LaunchScreen.storyboard in Resources */ = {isa = PBXBuildFile; fileRef = 41B719641F069C9C00A42014 /* LaunchScreen.storyboard */; };
		41B719711F069C9C00A42014 /* flayyTests.swift in Sources */ = {isa = PBXBuildFile; fileRef = 41B719701F069C9C00A42014 /* flayyTests.swift */; };
		41B7197C1F069C9C00A42014 /* flayyUITests.swift in Sources */ = {isa = PBXBuildFile; fileRef = 41B7197B1F069C9C00A42014 /* flayyUITests.swift */; };
		41B7198A1F06A07D00A42014 /* GoogleService-Info.plist in Resources */ = {isa = PBXBuildFile; fileRef = 41B719891F06A07D00A42014 /* GoogleService-Info.plist */; };
		41C2CF331F20F128008F8370 /* PlacesMapViewController.swift in Sources */ = {isa = PBXBuildFile; fileRef = 4104F4091F1FE66D00F222B9 /* PlacesMapViewController.swift */; };
		41C51F5F1F1E8586003B53D1 /* GroupSettingsViewController.swift in Sources */ = {isa = PBXBuildFile; fileRef = 41C51F5E1F1E8586003B53D1 /* GroupSettingsViewController.swift */; };
		41C51F611F1E8FA3003B53D1 /* MemberDataTableViewCell.swift in Sources */ = {isa = PBXBuildFile; fileRef = 41C51F601F1E8FA3003B53D1 /* MemberDataTableViewCell.swift */; };
		41CCFCFB1F0BC5A500F4AC89 /* MapViewController.swift in Sources */ = {isa = PBXBuildFile; fileRef = 41CCFCFA1F0BC5A500F4AC89 /* MapViewController.swift */; };
		41CCFD011F0C0D8200F4AC89 /* userSettings.swift in Sources */ = {isa = PBXBuildFile; fileRef = 41CCFD001F0C0D8200F4AC89 /* userSettings.swift */; };
		41D416621F214E7E00BC7BDC /* PicMemberTableViewCell.swift in Sources */ = {isa = PBXBuildFile; fileRef = 41D416611F214E7E00BC7BDC /* PicMemberTableViewCell.swift */; };
		41DCA1BB1F743248001B23F4 /* GroupSelectorViewController.swift in Sources */ = {isa = PBXBuildFile; fileRef = 41DCA1BA1F743247001B23F4 /* GroupSelectorViewController.swift */; };
		41EDFCB11F7014A900B796A7 /* check.png in Resources */ = {isa = PBXBuildFile; fileRef = 41EDFCB01F7014A900B796A7 /* check.png */; };
		41EDFCB51F701D0C00B796A7 /* ic_check_circle_white_2x.png in Resources */ = {isa = PBXBuildFile; fileRef = 41EDFCB21F701D0C00B796A7 /* ic_check_circle_white_2x.png */; };
		41EDFCB61F701D0C00B796A7 /* ic_check_circle_white_3x.png in Resources */ = {isa = PBXBuildFile; fileRef = 41EDFCB31F701D0C00B796A7 /* ic_check_circle_white_3x.png */; };
		41EDFCB71F701D0C00B796A7 /* ic_check_circle_white.png in Resources */ = {isa = PBXBuildFile; fileRef = 41EDFCB41F701D0C00B796A7 /* ic_check_circle_white.png */; };
		41EDFCBB1F7086BF00B796A7 /* ic_track_changes_white_2x.png in Resources */ = {isa = PBXBuildFile; fileRef = 41EDFCB81F7086BF00B796A7 /* ic_track_changes_white_2x.png */; };
		41EDFCBC1F7086BF00B796A7 /* ic_track_changes_white_3x.png in Resources */ = {isa = PBXBuildFile; fileRef = 41EDFCB91F7086BF00B796A7 /* ic_track_changes_white_3x.png */; };
		41EDFCBD1F7086BF00B796A7 /* ic_track_changes_white.png in Resources */ = {isa = PBXBuildFile; fileRef = 41EDFCBA1F7086BF00B796A7 /* ic_track_changes_white.png */; };
		41EDFCC11F7086DA00B796A7 /* ic_gps_fixed_white_2x.png in Resources */ = {isa = PBXBuildFile; fileRef = 41EDFCBE1F7086DA00B796A7 /* ic_gps_fixed_white_2x.png */; };
		41EDFCC21F7086DA00B796A7 /* ic_gps_fixed_white_3x.png in Resources */ = {isa = PBXBuildFile; fileRef = 41EDFCBF1F7086DA00B796A7 /* ic_gps_fixed_white_3x.png */; };
		41EDFCC31F7086DA00B796A7 /* ic_gps_fixed_white.png in Resources */ = {isa = PBXBuildFile; fileRef = 41EDFCC01F7086DA00B796A7 /* ic_gps_fixed_white.png */; };
		41F8BD4D1F5099710042B885 /* exit.png in Resources */ = {isa = PBXBuildFile; fileRef = 41F8BD4C1F5099710042B885 /* exit.png */; };
		41F8BD511F50A6310042B885 /* GroupsMenu.swift in Sources */ = {isa = PBXBuildFile; fileRef = 41F8BD501F50A6310042B885 /* GroupsMenu.swift */; };
		DE253C0327B82400176CCA14 /* Pods_flayy.framework in Frameworks */ = {isa = PBXBuildFile; fileRef = 403FCD8653054AF62695F8FA /* Pods_flayy.framework */; };
/* End PBXBuildFile section */

/* Begin PBXContainerItemProxy section */
		41B7196D1F069C9C00A42014 /* PBXContainerItemProxy */ = {
			isa = PBXContainerItemProxy;
			containerPortal = 41B719501F069C9C00A42014 /* Project object */;
			proxyType = 1;
			remoteGlobalIDString = 41B719571F069C9C00A42014;
			remoteInfo = flayy;
		};
		41B719781F069C9C00A42014 /* PBXContainerItemProxy */ = {
			isa = PBXContainerItemProxy;
			containerPortal = 41B719501F069C9C00A42014 /* Project object */;
			proxyType = 1;
			remoteGlobalIDString = 41B719571F069C9C00A42014;
			remoteInfo = flayy;
		};
/* End PBXContainerItemProxy section */

/* Begin PBXFileReference section */
		20E887C42BE03AF747CE576D /* Pods-flayy.debug.xcconfig */ = {isa = PBXFileReference; includeInIndex = 1; lastKnownFileType = text.xcconfig; name = "Pods-flayy.debug.xcconfig"; path = "Pods/Target Support Files/Pods-flayy/Pods-flayy.debug.xcconfig"; sourceTree = "<group>"; };
		403FCD8653054AF62695F8FA /* Pods_flayy.framework */ = {isa = PBXFileReference; explicitFileType = wrapper.framework; includeInIndex = 0; path = Pods_flayy.framework; sourceTree = BUILT_PRODUCTS_DIR; };
		4101DCC61F13B5930096FC84 /* slide1.gif */ = {isa = PBXFileReference; lastKnownFileType = image.gif; name = slide1.gif; path = ../../../Downloads/slide1.gif; sourceTree = "<group>"; };
		4101DCC81F13B5D20096FC84 /* slide2.gif */ = {isa = PBXFileReference; lastKnownFileType = image.gif; name = slide2.gif; path = ../../../Downloads/slide2.gif; sourceTree = "<group>"; };
		4101DCC91F13B5D20096FC84 /* slide3.gif */ = {isa = PBXFileReference; lastKnownFileType = image.gif; name = slide3.gif; path = ../../../Downloads/slide3.gif; sourceTree = "<group>"; };
		4101DCCA1F13B5D20096FC84 /* slide4b.gif */ = {isa = PBXFileReference; lastKnownFileType = image.gif; name = slide4b.gif; path = ../../../Downloads/slide4b.gif; sourceTree = "<group>"; };
		4101DCD01F13BEC90096FC84 /* One.swift */ = {isa = PBXFileReference; fileEncoding = 4; lastKnownFileType = sourcecode.swift; path = One.swift; sourceTree = "<group>"; };
		4101DCD21F13C4890096FC84 /* Two.swift */ = {isa = PBXFileReference; fileEncoding = 4; lastKnownFileType = sourcecode.swift; path = Two.swift; sourceTree = "<group>"; };
		4101DCD61F13C51B0096FC84 /* Four.swift */ = {isa = PBXFileReference; fileEncoding = 4; lastKnownFileType = sourcecode.swift; path = Four.swift; sourceTree = "<group>"; };
		4101DCD81F13CB760096FC84 /* Gif.swift */ = {isa = PBXFileReference; fileEncoding = 4; lastKnownFileType = sourcecode.swift; path = Gif.swift; sourceTree = "<group>"; };
		4101DCDB1F13D56C0096FC84 /* Three.swift */ = {isa = PBXFileReference; fileEncoding = 4; lastKnownFileType = sourcecode.swift; path = Three.swift; sourceTree = "<group>"; };
		4104F4031F1FBC6D00F222B9 /* PlacesViewController.swift */ = {isa = PBXFileReference; fileEncoding = 4; lastKnownFileType = sourcecode.swift; path = PlacesViewController.swift; sourceTree = "<group>"; };
		4104F4051F1FD6BB00F222B9 /* ic28_casita.jpg */ = {isa = PBXFileReference; lastKnownFileType = image.jpeg; name = ic28_casita.jpg; path = ../../../Downloads/ic28_casita.jpg; sourceTree = "<group>"; };
		4104F4091F1FE66D00F222B9 /* PlacesMapViewController.swift */ = {isa = PBXFileReference; fileEncoding = 4; lastKnownFileType = sourcecode.swift; path = PlacesMapViewController.swift; sourceTree = "<group>"; };
		4104F40B1F200BC800F222B9 /* PlacesConfigViewController.swift */ = {isa = PBXFileReference; fileEncoding = 4; lastKnownFileType = sourcecode.swift; path = PlacesConfigViewController.swift; sourceTree = "<group>"; };
		4107704C1F2B89AA004474BD /* kato.jpg */ = {isa = PBXFileReference; lastKnownFileType = image.jpeg; name = kato.jpg; path = ../../../Desktop/kato.jpg; sourceTree = "<group>"; };
		410836FE1F1CFEB500F929F4 /* menuDesignViewController.swift */ = {isa = PBXFileReference; fileEncoding = 4; lastKnownFileType = sourcecode.swift; path = menuDesignViewController.swift; sourceTree = "<group>"; };
		410837001F1CFED800F929F4 /* gruposSelectViewController.swift */ = {isa = PBXFileReference; fileEncoding = 4; lastKnownFileType = sourcecode.swift; path = gruposSelectViewController.swift; sourceTree = "<group>"; };
		410837021F1CFEF800F929F4 /* membersSelectViewController.swift */ = {isa = PBXFileReference; fileEncoding = 4; lastKnownFileType = sourcecode.swift; path = membersSelectViewController.swift; sourceTree = "<group>"; };
		410837041F1D141800F929F4 /* helpViewController.swift */ = {isa = PBXFileReference; fileEncoding = 4; lastKnownFileType = sourcecode.swift; path = helpViewController.swift; sourceTree = "<group>"; };
		410B33491F6AF73E00F3F443 /* GeoNotification.swift */ = {isa = PBXFileReference; fileEncoding = 4; lastKnownFileType = sourcecode.swift; path = GeoNotification.swift; sourceTree = "<group>"; };
		4111D0D41F3273C10045AEF4 /* CustomMenu.swift */ = {isa = PBXFileReference; fileEncoding = 4; lastKnownFileType = sourcecode.swift; path = CustomMenu.swift; sourceTree = "<group>"; };
		411484761F71876A006761AE /* ic_battery_10.png */ = {isa = PBXFileReference; lastKnownFileType = image.png; path = ic_battery_10.png; sourceTree = "<group>"; };
		411484771F71876A006761AE /* ic_battery_30.png */ = {isa = PBXFileReference; lastKnownFileType = image.png; path = ic_battery_30.png; sourceTree = "<group>"; };
		411484781F71876A006761AE /* ic_battery_50.png */ = {isa = PBXFileReference; lastKnownFileType = image.png; path = ic_battery_50.png; sourceTree = "<group>"; };
		411484791F71876A006761AE /* ic_battery_70.png */ = {isa = PBXFileReference; lastKnownFileType = image.png; path = ic_battery_70.png; sourceTree = "<group>"; };
		4114847A1F71876A006761AE /* ic_battery_0.png */ = {isa = PBXFileReference; lastKnownFileType = image.png; path = ic_battery_0.png; sourceTree = "<group>"; };
		4114847B1F71876A006761AE /* ic_battery_100.png */ = {isa = PBXFileReference; lastKnownFileType = image.png; path = ic_battery_100.png; sourceTree = "<group>"; };
		411BC24F1F546E2800E5560D /* GoogleMaps.framework */ = {isa = PBXFileReference; lastKnownFileType = wrapper.framework; name = GoogleMaps.framework; path = Pods/GoogleMaps/Maps/Frameworks/GoogleMaps.framework; sourceTree = "<group>"; };
		412BC81D1F4DD7A20066E9B2 /* Login2ViewController.swift */ = {isa = PBXFileReference; lastKnownFileType = sourcecode.swift; path = Login2ViewController.swift; sourceTree = "<group>"; };
		414524681F575DD60095C8F2 /* utils.swift */ = {isa = PBXFileReference; fileEncoding = 4; lastKnownFileType = sourcecode.swift; path = utils.swift; sourceTree = "<group>"; };
		4145246C1F5DA51D0095C8F2 /* menuTableViewCell.swift */ = {isa = PBXFileReference; fileEncoding = 4; lastKnownFileType = sourcecode.swift; path = menuTableViewCell.swift; sourceTree = "<group>"; };
		414524721F5EF1A20095C8F2 /* firebaseManager.swift */ = {isa = PBXFileReference; fileEncoding = 4; lastKnownFileType = sourcecode.swift; path = firebaseManager.swift; sourceTree = "<group>"; };
		414524741F5EF4900095C8F2 /* reachNet.swift */ = {isa = PBXFileReference; fileEncoding = 4; lastKnownFileType = sourcecode.swift; path = reachNet.swift; sourceTree = "<group>"; };
		414524761F634B7D0095C8F2 /* waspyMemberMarker.swift */ = {isa = PBXFileReference; fileEncoding = 4; lastKnownFileType = sourcecode.swift; path = waspyMemberMarker.swift; sourceTree = "<group>"; };
		4149906B1F2A617500A87B34 /* cicleBorderpic.swift */ = {isa = PBXFileReference; fileEncoding = 4; lastKnownFileType = sourcecode.swift; path = cicleBorderpic.swift; sourceTree = "<group>"; };
		417E646F1F16703200DDA8F8 /* MapController.swift */ = {isa = PBXFileReference; fileEncoding = 4; lastKnownFileType = sourcecode.swift; path = MapController.swift; sourceTree = "<group>"; };
		417E64771F191AB200DDA8F8 /* ic_group_black_24dp.png */ = {isa = PBXFileReference; lastKnownFileType = image.png; name = ic_group_black_24dp.png; path = "../../CAMSA/CamsaContigo/app/src/release/res/drawable-hdpi/ic_group_black_24dp.png"; sourceTree = "<group>"; };
		417E64781F191AB200DDA8F8 /* lugares.png */ = {isa = PBXFileReference; lastKnownFileType = image.png; name = lugares.png; path = ../../../Desktop/lugares.png; sourceTree = "<group>"; };
		417E647B1F191E8900DDA8F8 /* faq.png */ = {isa = PBXFileReference; lastKnownFileType = image.png; name = faq.png; path = ../../../Desktop/faq.png; sourceTree = "<group>"; };
		417E647C1F191E8900DDA8F8 /* config.png */ = {isa = PBXFileReference; lastKnownFileType = image.png; name = config.png; path = ../../../Desktop/config.png; sourceTree = "<group>"; };
		417F8A161F28DA7E00C4AE58 /* Rounded.swift */ = {isa = PBXFileReference; fileEncoding = 4; lastKnownFileType = sourcecode.swift; name = Rounded.swift; path = ../Rounded.swift; sourceTree = "<group>"; };
		417F8A191F29210600C4AE58 /* asyncData.swift */ = {isa = PBXFileReference; fileEncoding = 4; lastKnownFileType = sourcecode.swift; path = asyncData.swift; sourceTree = "<group>"; };
		417FC9521F56274D00EDC5A7 /* GoogleMaps.bundle */ = {isa = PBXFileReference; lastKnownFileType = "wrapper.plug-in"; name = GoogleMaps.bundle; path = Pods/GoogleMaps/Maps/Frameworks/GoogleMaps.framework/Resources/GoogleMaps.bundle; sourceTree = "<group>"; };
		4181C5BA1F1538C90099A83E /* foto.png */ = {isa = PBXFileReference; lastKnownFileType = image.png; name = foto.png; path = ../../../Desktop/foto.png; sourceTree = "<group>"; };
		4181C5BE1F154CDE0099A83E /* marker_layout.png */ = {isa = PBXFileReference; lastKnownFileType = image.png; name = marker_layout.png; path = ../../CAMSA/CamsaContigo/app/src/main/res/drawable/marker_layout.png; sourceTree = "<group>"; };
		4181C5C01F1562040099A83E /* circlo.png */ = {isa = PBXFileReference; lastKnownFileType = image.png; name = circlo.png; path = ../../../Desktop/circlo.png; sourceTree = "<group>"; };
		4181C5C21F15789F0099A83E /* marker_70x.png */ = {isa = PBXFileReference; lastKnownFileType = image.png; name = marker_70x.png; path = flayy/imagenes/marker_70x.png; sourceTree = "<group>"; };
		4181C5C41F157B9F0099A83E /* Icon-App-72x72@2x.png */ = {isa = PBXFileReference; lastKnownFileType = image.png; name = "Icon-App-72x72@2x.png"; path = "../../../Downloads/marker_layout/ios/AppIcon.appiconset/Icon-App-72x72@2x.png"; sourceTree = "<group>"; };
		4183CF0F1F3B6658008DFC76 /* prueba12.mp4 */ = {isa = PBXFileReference; lastKnownFileType = file; name = prueba12.mp4; path = ../../../Desktop/prueba12.mp4; sourceTree = "<group>"; };
		4183E4D61F0D98CC00ECBED4 /* menu_icon.png */ = {isa = PBXFileReference; lastKnownFileType = image.png; name = menu_icon.png; path = ../../../Downloads/menu_icon.png; sourceTree = "<group>"; };
		4183E4DA1F0D9BDD00ECBED4 /* menu_icon_small.png */ = {isa = PBXFileReference; lastKnownFileType = image.png; name = menu_icon_small.png; path = ../../../Downloads/menu_icon_small.png; sourceTree = "<group>"; };
		4183E4DC1F0DA21300ECBED4 /* grupos.png */ = {isa = PBXFileReference; lastKnownFileType = image.png; name = grupos.png; path = ../../../Desktop/grupos.png; sourceTree = "<group>"; };
		4183E4E01F0E9C6900ECBED4 /* arrow_up_small.ico */ = {isa = PBXFileReference; lastKnownFileType = image.ico; name = arrow_up_small.ico; path = ../../../Desktop/arrow_up_small.ico; sourceTree = "<group>"; };
		4183E4E21F0EA41400ECBED4 /* dron_small.png */ = {isa = PBXFileReference; lastKnownFileType = image.png; name = dron_small.png; path = ../../../Desktop/dron_small.png; sourceTree = "<group>"; };
		4183E4E31F0EA41400ECBED4 /* dron.png */ = {isa = PBXFileReference; lastKnownFileType = image.png; name = dron.png; path = ../../../Desktop/dron.png; sourceTree = "<group>"; };
		4183E4E61F0EA42B00ECBED4 /* local_small.png */ = {isa = PBXFileReference; lastKnownFileType = image.png; name = local_small.png; path = ../../../Desktop/local_small.png; sourceTree = "<group>"; };
		4183E4E71F0EA42B00ECBED4 /* local.png */ = {isa = PBXFileReference; lastKnownFileType = image.png; name = local.png; path = ../../../Desktop/local.png; sourceTree = "<group>"; };
		4183E4F01F0EE1BD00ECBED4 /* defaultIMG.png */ = {isa = PBXFileReference; lastKnownFileType = image.png; name = defaultIMG.png; path = ../../../Desktop/defaultIMG.png; sourceTree = "<group>"; };
		4183E4F21F0EE2C000ECBED4 /* camera.png */ = {isa = PBXFileReference; lastKnownFileType = image.png; name = camera.png; path = ../../../Desktop/camera.png; sourceTree = "<group>"; };
		4183E4F41F0EE2EF00ECBED4 /* camera_big.png */ = {isa = PBXFileReference; lastKnownFileType = image.png; name = camera_big.png; path = ../../../Downloads/camera_big.png; sourceTree = "<group>"; };
		41932AFB1F68288100BACA70 /* LocationServices.swift */ = {isa = PBXFileReference; fileEncoding = 4; lastKnownFileType = sourcecode.swift; path = LocationServices.swift; sourceTree = "<group>"; };
		4194EA991F1044F0002A4F21 /* HelpController.swift */ = {isa = PBXFileReference; fileEncoding = 4; lastKnownFileType = sourcecode.swift; path = HelpController.swift; sourceTree = "<group>"; };
		41ACBADD1F44ABD700C8DFB9 /* photos.png */ = {isa = PBXFileReference; lastKnownFileType = image.png; name = photos.png; path = ../../../Desktop/photos.png; sourceTree = "<group>"; };
		41ACBAE21F460C9E00C8DFB9 /* keyboardDesign.swift */ = {isa = PBXFileReference; fileEncoding = 4; lastKnownFileType = sourcecode.swift; path = keyboardDesign.swift; sourceTree = "<group>"; };
		41B719581F069C9C00A42014 /* flayy.app */ = {isa = PBXFileReference; explicitFileType = wrapper.application; includeInIndex = 0; path = flayy.app; sourceTree = BUILT_PRODUCTS_DIR; };
		41B7195B1F069C9C00A42014 /* AppDelegate.swift */ = {isa = PBXFileReference; lastKnownFileType = sourcecode.swift; path = AppDelegate.swift; sourceTree = "<group>"; };
		41B7195D1F069C9C00A42014 /* LoginViewController.swift */ = {isa = PBXFileReference; lastKnownFileType = sourcecode.swift; path = LoginViewController.swift; sourceTree = "<group>"; };
		41B719601F069C9C00A42014 /* Base */ = {isa = PBXFileReference; lastKnownFileType = file.storyboard; name = Base; path = Base.lproj/Main.storyboard; sourceTree = "<group>"; };
		41B719621F069C9C00A42014 /* Assets.xcassets */ = {isa = PBXFileReference; lastKnownFileType = folder.assetcatalog; path = Assets.xcassets; sourceTree = "<group>"; };
		41B719651F069C9C00A42014 /* Base */ = {isa = PBXFileReference; lastKnownFileType = file.storyboard; name = Base; path = Base.lproj/LaunchScreen.storyboard; sourceTree = "<group>"; };
		41B719671F069C9C00A42014 /* Info.plist */ = {isa = PBXFileReference; lastKnownFileType = text.plist.xml; path = Info.plist; sourceTree = "<group>"; };
		41B7196C1F069C9C00A42014 /* flayyTests.xctest */ = {isa = PBXFileReference; explicitFileType = wrapper.cfbundle; includeInIndex = 0; path = flayyTests.xctest; sourceTree = BUILT_PRODUCTS_DIR; };
		41B719701F069C9C00A42014 /* flayyTests.swift */ = {isa = PBXFileReference; lastKnownFileType = sourcecode.swift; path = flayyTests.swift; sourceTree = "<group>"; };
		41B719721F069C9C00A42014 /* Info.plist */ = {isa = PBXFileReference; lastKnownFileType = text.plist.xml; path = Info.plist; sourceTree = "<group>"; };
		41B719771F069C9C00A42014 /* flayyUITests.xctest */ = {isa = PBXFileReference; explicitFileType = wrapper.cfbundle; includeInIndex = 0; path = flayyUITests.xctest; sourceTree = BUILT_PRODUCTS_DIR; };
		41B7197B1F069C9C00A42014 /* flayyUITests.swift */ = {isa = PBXFileReference; lastKnownFileType = sourcecode.swift; path = flayyUITests.swift; sourceTree = "<group>"; };
		41B7197D1F069C9C00A42014 /* Info.plist */ = {isa = PBXFileReference; lastKnownFileType = text.plist.xml; path = Info.plist; sourceTree = "<group>"; };
		41B719891F06A07D00A42014 /* GoogleService-Info.plist */ = {isa = PBXFileReference; fileEncoding = 4; lastKnownFileType = text.plist.xml; path = "GoogleService-Info.plist"; sourceTree = "<group>"; };
		41C51F5E1F1E8586003B53D1 /* GroupSettingsViewController.swift */ = {isa = PBXFileReference; fileEncoding = 4; lastKnownFileType = sourcecode.swift; path = GroupSettingsViewController.swift; sourceTree = "<group>"; };
		41C51F601F1E8FA3003B53D1 /* MemberDataTableViewCell.swift */ = {isa = PBXFileReference; fileEncoding = 4; lastKnownFileType = sourcecode.swift; path = MemberDataTableViewCell.swift; sourceTree = "<group>"; };
		41CCFCF51F0AB55D00F4AC89 /* flayy.entitlements */ = {isa = PBXFileReference; lastKnownFileType = text.plist.entitlements; path = flayy.entitlements; sourceTree = "<group>"; };
		41CCFCFA1F0BC5A500F4AC89 /* MapViewController.swift */ = {isa = PBXFileReference; fileEncoding = 4; lastKnownFileType = sourcecode.swift; path = MapViewController.swift; sourceTree = "<group>"; };
		41CCFD001F0C0D8200F4AC89 /* userSettings.swift */ = {isa = PBXFileReference; fileEncoding = 4; lastKnownFileType = sourcecode.swift; path = userSettings.swift; sourceTree = "<group>"; };
		41D416611F214E7E00BC7BDC /* PicMemberTableViewCell.swift */ = {isa = PBXFileReference; fileEncoding = 4; lastKnownFileType = sourcecode.swift; path = PicMemberTableViewCell.swift; sourceTree = "<group>"; };
		41DCA1BA1F743247001B23F4 /* GroupSelectorViewController.swift */ = {isa = PBXFileReference; fileEncoding = 4; lastKnownFileType = sourcecode.swift; path = GroupSelectorViewController.swift; sourceTree = "<group>"; };
		41EDFCB01F7014A900B796A7 /* check.png */ = {isa = PBXFileReference; lastKnownFileType = image.png; path = check.png; sourceTree = "<group>"; };
		41EDFCB21F701D0C00B796A7 /* ic_check_circle_white_2x.png */ = {isa = PBXFileReference; lastKnownFileType = image.png; path = ic_check_circle_white_2x.png; sourceTree = "<group>"; };
		41EDFCB31F701D0C00B796A7 /* ic_check_circle_white_3x.png */ = {isa = PBXFileReference; lastKnownFileType = image.png; path = ic_check_circle_white_3x.png; sourceTree = "<group>"; };
		41EDFCB41F701D0C00B796A7 /* ic_check_circle_white.png */ = {isa = PBXFileReference; lastKnownFileType = image.png; path = ic_check_circle_white.png; sourceTree = "<group>"; };
		41EDFCB81F7086BF00B796A7 /* ic_track_changes_white_2x.png */ = {isa = PBXFileReference; lastKnownFileType = image.png; path = ic_track_changes_white_2x.png; sourceTree = "<group>"; };
		41EDFCB91F7086BF00B796A7 /* ic_track_changes_white_3x.png */ = {isa = PBXFileReference; lastKnownFileType = image.png; path = ic_track_changes_white_3x.png; sourceTree = "<group>"; };
		41EDFCBA1F7086BF00B796A7 /* ic_track_changes_white.png */ = {isa = PBXFileReference; lastKnownFileType = image.png; path = ic_track_changes_white.png; sourceTree = "<group>"; };
		41EDFCBE1F7086DA00B796A7 /* ic_gps_fixed_white_2x.png */ = {isa = PBXFileReference; lastKnownFileType = image.png; path = ic_gps_fixed_white_2x.png; sourceTree = "<group>"; };
		41EDFCBF1F7086DA00B796A7 /* ic_gps_fixed_white_3x.png */ = {isa = PBXFileReference; lastKnownFileType = image.png; path = ic_gps_fixed_white_3x.png; sourceTree = "<group>"; };
		41EDFCC01F7086DA00B796A7 /* ic_gps_fixed_white.png */ = {isa = PBXFileReference; lastKnownFileType = image.png; path = ic_gps_fixed_white.png; sourceTree = "<group>"; };
		41F8BD4C1F5099710042B885 /* exit.png */ = {isa = PBXFileReference; lastKnownFileType = image.png; name = exit.png; path = ../../../Desktop/exit.png; sourceTree = "<group>"; };
		41F8BD4E1F509BF00042B885 /* GoogleToolboxForMac.framework */ = {isa = PBXFileReference; lastKnownFileType = wrapper.framework; name = GoogleToolboxForMac.framework; path = "../../../Library/Developer/Xcode/DerivedData/flayy-bhimggnokqdphpdccbjsyxbflcvi/Build/Products/Debug-iphoneos/GoogleToolboxForMac/GoogleToolboxForMac.framework"; sourceTree = "<group>"; };
		41F8BD501F50A6310042B885 /* GroupsMenu.swift */ = {isa = PBXFileReference; fileEncoding = 4; lastKnownFileType = sourcecode.swift; path = GroupsMenu.swift; sourceTree = "<group>"; };
		4915D23C685FA92623D3F299 /* Pods_flayyUITests.framework */ = {isa = PBXFileReference; explicitFileType = wrapper.framework; includeInIndex = 0; path = Pods_flayyUITests.framework; sourceTree = BUILT_PRODUCTS_DIR; };
		950118D2E87C3BF17F776766 /* Pods-flayy.release.xcconfig */ = {isa = PBXFileReference; includeInIndex = 1; lastKnownFileType = text.xcconfig; name = "Pods-flayy.release.xcconfig"; path = "Pods/Target Support Files/Pods-flayy/Pods-flayy.release.xcconfig"; sourceTree = "<group>"; };
		D0096F65E670F05D130E4033 /* Pods_flayyTests.framework */ = {isa = PBXFileReference; explicitFileType = wrapper.framework; includeInIndex = 0; path = Pods_flayyTests.framework; sourceTree = BUILT_PRODUCTS_DIR; };
/* End PBXFileReference section */

/* Begin PBXFrameworksBuildPhase section */
		41B719551F069C9C00A42014 /* Frameworks */ = {
			isa = PBXFrameworksBuildPhase;
			buildActionMask = 2147483647;
			files = (
				417FC9511F5626D700EDC5A7 /* GoogleMaps.framework in Frameworks */,
				DE253C0327B82400176CCA14 /* Pods_flayy.framework in Frameworks */,
			);
			runOnlyForDeploymentPostprocessing = 0;
		};
		41B719691F069C9C00A42014 /* Frameworks */ = {
			isa = PBXFrameworksBuildPhase;
			buildActionMask = 2147483647;
			files = (
			);
			runOnlyForDeploymentPostprocessing = 0;
		};
		41B719741F069C9C00A42014 /* Frameworks */ = {
			isa = PBXFrameworksBuildPhase;
			buildActionMask = 2147483647;
			files = (
			);
			runOnlyForDeploymentPostprocessing = 0;
		};
/* End PBXFrameworksBuildPhase section */

/* Begin PBXGroup section */
		4101DCC51F13B5450096FC84 /* animated */ = {
			isa = PBXGroup;
			children = (
				4101DCC81F13B5D20096FC84 /* slide2.gif */,
				4101DCC91F13B5D20096FC84 /* slide3.gif */,
				4101DCCA1F13B5D20096FC84 /* slide4b.gif */,
				4101DCC61F13B5930096FC84 /* slide1.gif */,
			);
			name = animated;
			sourceTree = "<group>";
		};
		417F78261F0D4AA600844794 /* Models */ = {
			isa = PBXGroup;
			children = (
				410836FE1F1CFEB500F929F4 /* menuDesignViewController.swift */,
				410837001F1CFED800F929F4 /* gruposSelectViewController.swift */,
				410837021F1CFEF800F929F4 /* membersSelectViewController.swift */,
			);
			name = Models;
			sourceTree = "<group>";
		};
		417F8A181F28EC4E00C4AE58 /* Design */ = {
			isa = PBXGroup;
			children = (
				414524761F634B7D0095C8F2 /* waspyMemberMarker.swift */,
				4101DCD01F13BEC90096FC84 /* One.swift */,
				4101DCD21F13C4890096FC84 /* Two.swift */,
				4101DCDB1F13D56C0096FC84 /* Three.swift */,
				4101DCD61F13C51B0096FC84 /* Four.swift */,
				4111D0D41F3273C10045AEF4 /* CustomMenu.swift */,
				417F8A161F28DA7E00C4AE58 /* Rounded.swift */,
				4149906B1F2A617500A87B34 /* cicleBorderpic.swift */,
				41D416611F214E7E00BC7BDC /* PicMemberTableViewCell.swift */,
				41C51F601F1E8FA3003B53D1 /* MemberDataTableViewCell.swift */,
				41ACBAE21F460C9E00C8DFB9 /* keyboardDesign.swift */,
				41F8BD501F50A6310042B885 /* GroupsMenu.swift */,
			);
			name = Design;
			sourceTree = "<group>";
		};
		4181C5B71F15378D0099A83E /* pruebas */ = {
			isa = PBXGroup;
			children = (
				41ACBADD1F44ABD700C8DFB9 /* photos.png */,
				4183CF0F1F3B6658008DFC76 /* prueba12.mp4 */,
				4107704C1F2B89AA004474BD /* kato.jpg */,
				4104F4051F1FD6BB00F222B9 /* ic28_casita.jpg */,
				4181C5C01F1562040099A83E /* circlo.png */,
				4181C5BA1F1538C90099A83E /* foto.png */,
			);
			name = pruebas;
			sourceTree = "<group>";
		};
		4183E4D31F0D5CF700ECBED4 /* Hdlrs */ = {
			isa = PBXGroup;
			children = (
				410B33491F6AF73E00F3F443 /* GeoNotification.swift */,
				414524741F5EF4900095C8F2 /* reachNet.swift */,
				414524721F5EF1A20095C8F2 /* firebaseManager.swift */,
				41932AFB1F68288100BACA70 /* LocationServices.swift */,
				4145246C1F5DA51D0095C8F2 /* menuTableViewCell.swift */,
				417F8A191F29210600C4AE58 /* asyncData.swift */,
				414524681F575DD60095C8F2 /* utils.swift */,
				4101DCD81F13CB760096FC84 /* Gif.swift */,
			);
			name = Hdlrs;
			sourceTree = "<group>";
		};
		41ACBADF1F45CE7800C8DFB9 /* Services */ = {
			isa = PBXGroup;
			children = (
			);
			name = Services;
			sourceTree = "<group>";
		};
		41B7194F1F069C9C00A42014 = {
			isa = PBXGroup;
			children = (
				417FC9521F56274D00EDC5A7 /* GoogleMaps.bundle */,
				41CCFCF61F0B01F500F4AC89 /* imagenes */,
				41B7195A1F069C9C00A42014 /* flayy */,
				41B7196F1F069C9C00A42014 /* flayyTests */,
				41B7197A1F069C9C00A42014 /* flayyUITests */,
				41B719591F069C9C00A42014 /* Products */,
				6C3CD0F437D24E67380B8CA9 /* Pods */,
				CA07F69ADD343FD4F2B5624C /* Frameworks */,
			);
			sourceTree = "<group>";
		};
		41B719591F069C9C00A42014 /* Products */ = {
			isa = PBXGroup;
			children = (
				41B719581F069C9C00A42014 /* flayy.app */,
				41B7196C1F069C9C00A42014 /* flayyTests.xctest */,
				41B719771F069C9C00A42014 /* flayyUITests.xctest */,
			);
			name = Products;
			sourceTree = "<group>";
		};
		41B7195A1F069C9C00A42014 /* flayy */ = {
			isa = PBXGroup;
			children = (
				41ACBADF1F45CE7800C8DFB9 /* Services */,
				417F8A181F28EC4E00C4AE58 /* Design */,
				4183E4D31F0D5CF700ECBED4 /* Hdlrs */,
				417F78261F0D4AA600844794 /* Models */,
				41CCFCF51F0AB55D00F4AC89 /* flayy.entitlements */,
				41B719891F06A07D00A42014 /* GoogleService-Info.plist */,
				41B7195B1F069C9C00A42014 /* AppDelegate.swift */,
				41B7195D1F069C9C00A42014 /* LoginViewController.swift */,
				41B7195F1F069C9C00A42014 /* Main.storyboard */,
				412BC81D1F4DD7A20066E9B2 /* Login2ViewController.swift */,
				4104F40B1F200BC800F222B9 /* PlacesConfigViewController.swift */,
				4104F4031F1FBC6D00F222B9 /* PlacesViewController.swift */,
				410837041F1D141800F929F4 /* helpViewController.swift */,
				41B719621F069C9C00A42014 /* Assets.xcassets */,
				41B719641F069C9C00A42014 /* LaunchScreen.storyboard */,
				41B719671F069C9C00A42014 /* Info.plist */,
				41CCFCFA1F0BC5A500F4AC89 /* MapViewController.swift */,
				4104F4091F1FE66D00F222B9 /* PlacesMapViewController.swift */,
				41CCFD001F0C0D8200F4AC89 /* userSettings.swift */,
				4194EA991F1044F0002A4F21 /* HelpController.swift */,
				417E646F1F16703200DDA8F8 /* MapController.swift */,
				41C51F5E1F1E8586003B53D1 /* GroupSettingsViewController.swift */,
				41DCA1BA1F743247001B23F4 /* GroupSelectorViewController.swift */,
			);
			path = flayy;
			sourceTree = "<group>";
		};
		41B7196F1F069C9C00A42014 /* flayyTests */ = {
			isa = PBXGroup;
			children = (
				41B719701F069C9C00A42014 /* flayyTests.swift */,
				41B719721F069C9C00A42014 /* Info.plist */,
			);
			path = flayyTests;
			sourceTree = "<group>";
		};
		41B7197A1F069C9C00A42014 /* flayyUITests */ = {
			isa = PBXGroup;
			children = (
				41B7197B1F069C9C00A42014 /* flayyUITests.swift */,
				41B7197D1F069C9C00A42014 /* Info.plist */,
			);
			path = flayyUITests;
			sourceTree = "<group>";
		};
		41CCFCF61F0B01F500F4AC89 /* imagenes */ = {
			isa = PBXGroup;
			children = (
				4181C5B71F15378D0099A83E /* pruebas */,
				4101DCC51F13B5450096FC84 /* animated */,
				41CCFCF71F0B020000F4AC89 /* app */,
			);
			name = imagenes;
			sourceTree = "<group>";
		};
		41CCFCF71F0B020000F4AC89 /* app */ = {
			isa = PBXGroup;
			children = (
				41EDFCB81F7086BF00B796A7 /* ic_track_changes_white_2x.png */,
				41EDFCB91F7086BF00B796A7 /* ic_track_changes_white_3x.png */,
				41EDFCBE1F7086DA00B796A7 /* ic_gps_fixed_white_2x.png */,
				41EDFCBF1F7086DA00B796A7 /* ic_gps_fixed_white_3x.png */,
				411484761F71876A006761AE /* ic_battery_10.png */,
				411484771F71876A006761AE /* ic_battery_30.png */,
				411484781F71876A006761AE /* ic_battery_50.png */,
				411484791F71876A006761AE /* ic_battery_70.png */,
				4114847A1F71876A006761AE /* ic_battery_0.png */,
				4114847B1F71876A006761AE /* ic_battery_100.png */,
				41EDFCC01F7086DA00B796A7 /* ic_gps_fixed_white.png */,
				41EDFCBA1F7086BF00B796A7 /* ic_track_changes_white.png */,
				41EDFCB21F701D0C00B796A7 /* ic_check_circle_white_2x.png */,
				41EDFCB31F701D0C00B796A7 /* ic_check_circle_white_3x.png */,
				41EDFCB41F701D0C00B796A7 /* ic_check_circle_white.png */,
				41EDFCB01F7014A900B796A7 /* check.png */,
				41F8BD4C1F5099710042B885 /* exit.png */,
				417E647B1F191E8900DDA8F8 /* faq.png */,
				417E647C1F191E8900DDA8F8 /* config.png */,
				417E64771F191AB200DDA8F8 /* ic_group_black_24dp.png */,
				417E64781F191AB200DDA8F8 /* lugares.png */,
				4181C5C41F157B9F0099A83E /* Icon-App-72x72@2x.png */,
				4181C5C21F15789F0099A83E /* marker_70x.png */,
				4181C5BE1F154CDE0099A83E /* marker_layout.png */,
				4183E4F21F0EE2C000ECBED4 /* camera.png */,
				4183E4F01F0EE1BD00ECBED4 /* defaultIMG.png */,
				4183E4E61F0EA42B00ECBED4 /* local_small.png */,
				4183E4E71F0EA42B00ECBED4 /* local.png */,
				4183E4F41F0EE2EF00ECBED4 /* camera_big.png */,
				4183E4E21F0EA41400ECBED4 /* dron_small.png */,
				4183E4E31F0EA41400ECBED4 /* dron.png */,
				4183E4E01F0E9C6900ECBED4 /* arrow_up_small.ico */,
				4183E4DC1F0DA21300ECBED4 /* grupos.png */,
				4183E4DA1F0D9BDD00ECBED4 /* menu_icon_small.png */,
				4183E4D61F0D98CC00ECBED4 /* menu_icon.png */,
			);
			name = app;
			sourceTree = "<group>";
		};
		6C3CD0F437D24E67380B8CA9 /* Pods */ = {
			isa = PBXGroup;
			children = (
				20E887C42BE03AF747CE576D /* Pods-flayy.debug.xcconfig */,
				950118D2E87C3BF17F776766 /* Pods-flayy.release.xcconfig */,
			);
			name = Pods;
			sourceTree = "<group>";
		};
		CA07F69ADD343FD4F2B5624C /* Frameworks */ = {
			isa = PBXGroup;
			children = (
				411BC24F1F546E2800E5560D /* GoogleMaps.framework */,
				41F8BD4E1F509BF00042B885 /* GoogleToolboxForMac.framework */,
				403FCD8653054AF62695F8FA /* Pods_flayy.framework */,
				D0096F65E670F05D130E4033 /* Pods_flayyTests.framework */,
				4915D23C685FA92623D3F299 /* Pods_flayyUITests.framework */,
			);
			name = Frameworks;
			sourceTree = "<group>";
		};
/* End PBXGroup section */

/* Begin PBXNativeTarget section */
		41B719571F069C9C00A42014 /* flayy */ = {
			isa = PBXNativeTarget;
			buildConfigurationList = 41B719801F069C9C00A42014 /* Build configuration list for PBXNativeTarget "flayy" */;
			buildPhases = (
				8AE4A374AA1D9DBD993F1CA3 /* [CP] Check Pods Manifest.lock */,
				41B719541F069C9C00A42014 /* Sources */,
				41B719551F069C9C00A42014 /* Frameworks */,
				41B719561F069C9C00A42014 /* Resources */,
				0C821D12FE0EB2D65019D8D4 /* [CP] Embed Pods Frameworks */,
				39192EAB75BC7DF276214DAA /* [CP] Copy Pods Resources */,
			);
			buildRules = (
			);
			dependencies = (
			);
			name = flayy;
			productName = flayy;
			productReference = 41B719581F069C9C00A42014 /* flayy.app */;
			productType = "com.apple.product-type.application";
		};
		41B7196B1F069C9C00A42014 /* flayyTests */ = {
			isa = PBXNativeTarget;
			buildConfigurationList = 41B719831F069C9C00A42014 /* Build configuration list for PBXNativeTarget "flayyTests" */;
			buildPhases = (
				41B719681F069C9C00A42014 /* Sources */,
				41B719691F069C9C00A42014 /* Frameworks */,
				41B7196A1F069C9C00A42014 /* Resources */,
			);
			buildRules = (
			);
			dependencies = (
				41B7196E1F069C9C00A42014 /* PBXTargetDependency */,
			);
			name = flayyTests;
			productName = flayyTests;
			productReference = 41B7196C1F069C9C00A42014 /* flayyTests.xctest */;
			productType = "com.apple.product-type.bundle.unit-test";
		};
		41B719761F069C9C00A42014 /* flayyUITests */ = {
			isa = PBXNativeTarget;
			buildConfigurationList = 41B719861F069C9C00A42014 /* Build configuration list for PBXNativeTarget "flayyUITests" */;
			buildPhases = (
				41B719731F069C9C00A42014 /* Sources */,
				41B719741F069C9C00A42014 /* Frameworks */,
				41B719751F069C9C00A42014 /* Resources */,
			);
			buildRules = (
			);
			dependencies = (
				41B719791F069C9C00A42014 /* PBXTargetDependency */,
			);
			name = flayyUITests;
			productName = flayyUITests;
			productReference = 41B719771F069C9C00A42014 /* flayyUITests.xctest */;
			productType = "com.apple.product-type.bundle.ui-testing";
		};
/* End PBXNativeTarget section */

/* Begin PBXProject section */
		41B719501F069C9C00A42014 /* Project object */ = {
			isa = PBXProject;
			attributes = {
				LastSwiftUpdateCheck = 0830;
				LastUpgradeCheck = 0900;
				ORGANIZATIONNAME = CAMSA;
				TargetAttributes = {
					41B719571F069C9C00A42014 = {
						CreatedOnToolsVersion = 8.3.3;
						DevelopmentTeam = 48N454AR6Q;
						LastSwiftMigration = 0900;
						ProvisioningStyle = Automatic;
						SystemCapabilities = {
							com.apple.BackgroundModes = {
								enabled = 1;
							};
							com.apple.GameCenter = {
								enabled = 0;
							};
							com.apple.Keychain = {
								enabled = 0;
							};
							com.apple.Push = {
								enabled = 1;
							};
						};
					};
					41B7196B1F069C9C00A42014 = {
						CreatedOnToolsVersion = 8.3.3;
						DevelopmentTeam = 48N454AR6Q;
						LastSwiftMigration = 0900;
						ProvisioningStyle = Automatic;
						TestTargetID = 41B719571F069C9C00A42014;
					};
					41B719761F069C9C00A42014 = {
						CreatedOnToolsVersion = 8.3.3;
						DevelopmentTeam = 48N454AR6Q;
						LastSwiftMigration = 0900;
						ProvisioningStyle = Automatic;
						TestTargetID = 41B719571F069C9C00A42014;
					};
				};
			};
			buildConfigurationList = 41B719531F069C9C00A42014 /* Build configuration list for PBXProject "flayy" */;
			compatibilityVersion = "Xcode 3.2";
			developmentRegion = English;
			hasScannedForEncodings = 0;
			knownRegions = (
				en,
				Base,
			);
			mainGroup = 41B7194F1F069C9C00A42014;
			productRefGroup = 41B719591F069C9C00A42014 /* Products */;
			projectDirPath = "";
			projectRoot = "";
			targets = (
				41B719571F069C9C00A42014 /* flayy */,
				41B7196B1F069C9C00A42014 /* flayyTests */,
				41B719761F069C9C00A42014 /* flayyUITests */,
			);
		};
/* End PBXProject section */

/* Begin PBXResourcesBuildPhase section */
		41B719561F069C9C00A42014 /* Resources */ = {
			isa = PBXResourcesBuildPhase;
			buildActionMask = 2147483647;
			files = (
				4114847F1F71876A006761AE /* ic_battery_70.png in Resources */,
				4101DCC71F13B5930096FC84 /* slide1.gif in Resources */,
				417E647D1F191E8900DDA8F8 /* faq.png in Resources */,
				4183E4E41F0EA41400ECBED4 /* dron_small.png in Resources */,
				41F8BD4D1F5099710042B885 /* exit.png in Resources */,
				411484811F71876A006761AE /* ic_battery_100.png in Resources */,
				41EDFCC21F7086DA00B796A7 /* ic_gps_fixed_white_3x.png in Resources */,
				4183CF101F3B6658008DFC76 /* prueba12.mp4 in Resources */,
				41EDFCBD1F7086BF00B796A7 /* ic_track_changes_white.png in Resources */,
				41B719661F069C9C00A42014 /* LaunchScreen.storyboard in Resources */,
				4101DCCD1F13B5D20096FC84 /* slide4b.gif in Resources */,
				411484801F71876A006761AE /* ic_battery_0.png in Resources */,
				4183E4DE1F0DA21300ECBED4 /* grupos.png in Resources */,
				41EDFCC11F7086DA00B796A7 /* ic_gps_fixed_white_2x.png in Resources */,
				4181C5C11F1562040099A83E /* circlo.png in Resources */,
				41EDFCB61F701D0C00B796A7 /* ic_check_circle_white_3x.png in Resources */,
				41EDFCBC1F7086BF00B796A7 /* ic_track_changes_white_3x.png in Resources */,
				4104F4061F1FD6BB00F222B9 /* ic28_casita.jpg in Resources */,
				41EDFCBB1F7086BF00B796A7 /* ic_track_changes_white_2x.png in Resources */,
				4183E4E81F0EA42B00ECBED4 /* local_small.png in Resources */,
				4183E4E11F0E9C6900ECBED4 /* arrow_up_small.ico in Resources */,
				4181C5BF1F154CDE0099A83E /* marker_layout.png in Resources */,
				417E647A1F191AB200DDA8F8 /* lugares.png in Resources */,
				4181C5C31F15789F0099A83E /* marker_70x.png in Resources */,
				4101DCCC1F13B5D20096FC84 /* slide3.gif in Resources */,
				41EDFCB11F7014A900B796A7 /* check.png in Resources */,
				41B7198A1F06A07D00A42014 /* GoogleService-Info.plist in Resources */,
				4114847C1F71876A006761AE /* ic_battery_10.png in Resources */,
				4183E4DB1F0D9BDD00ECBED4 /* menu_icon_small.png in Resources */,
				4107704D1F2B89AA004474BD /* kato.jpg in Resources */,
				41B719631F069C9C00A42014 /* Assets.xcassets in Resources */,
				4181C5BB1F1538C90099A83E /* foto.png in Resources */,
				4183E4F31F0EE2C000ECBED4 /* camera.png in Resources */,
				417E647E1F191E8900DDA8F8 /* config.png in Resources */,
				4181C5C51F157B9F0099A83E /* Icon-App-72x72@2x.png in Resources */,
				4114847D1F71876A006761AE /* ic_battery_30.png in Resources */,
				4183E4D71F0D98CC00ECBED4 /* menu_icon.png in Resources */,
				4183E4F51F0EE2EF00ECBED4 /* camera_big.png in Resources */,
				41EDFCC31F7086DA00B796A7 /* ic_gps_fixed_white.png in Resources */,
				4101DCCB1F13B5D20096FC84 /* slide2.gif in Resources */,
				41ACBADE1F44ABD700C8DFB9 /* photos.png in Resources */,
				417FC9531F56274D00EDC5A7 /* GoogleMaps.bundle in Resources */,
				41EDFCB51F701D0C00B796A7 /* ic_check_circle_white_2x.png in Resources */,
				417E64791F191AB200DDA8F8 /* ic_group_black_24dp.png in Resources */,
				4183E4E91F0EA42B00ECBED4 /* local.png in Resources */,
				4114847E1F71876A006761AE /* ic_battery_50.png in Resources */,
				41B719611F069C9C00A42014 /* Main.storyboard in Resources */,
				4183E4F11F0EE1BD00ECBED4 /* defaultIMG.png in Resources */,
				41EDFCB71F701D0C00B796A7 /* ic_check_circle_white.png in Resources */,
				4183E4E51F0EA41400ECBED4 /* dron.png in Resources */,
			);
			runOnlyForDeploymentPostprocessing = 0;
		};
		41B7196A1F069C9C00A42014 /* Resources */ = {
			isa = PBXResourcesBuildPhase;
			buildActionMask = 2147483647;
			files = (
			);
			runOnlyForDeploymentPostprocessing = 0;
		};
		41B719751F069C9C00A42014 /* Resources */ = {
			isa = PBXResourcesBuildPhase;
			buildActionMask = 2147483647;
			files = (
			);
			runOnlyForDeploymentPostprocessing = 0;
		};
/* End PBXResourcesBuildPhase section */

/* Begin PBXShellScriptBuildPhase section */
		0C821D12FE0EB2D65019D8D4 /* [CP] Embed Pods Frameworks */ = {
			isa = PBXShellScriptBuildPhase;
			buildActionMask = 2147483647;
			files = (
			);
			inputPaths = (
				"${SRCROOT}/Pods/Target Support Files/Pods-flayy/Pods-flayy-frameworks.sh",
				"${BUILT_PRODUCTS_DIR}/GTMSessionFetcher/GTMSessionFetcher.framework",
				"${BUILT_PRODUCTS_DIR}/GoogleToolboxForMac/GoogleToolboxForMac.framework",
				"${BUILT_PRODUCTS_DIR}/Protobuf/Protobuf.framework",
				"${BUILT_PRODUCTS_DIR}/leveldb-library/leveldb.framework",
				"${BUILT_PRODUCTS_DIR}/nanopb/nanopb.framework",
			);
			name = "[CP] Embed Pods Frameworks";
			outputPaths = (
				"${TARGET_BUILD_DIR}/${FRAMEWORKS_FOLDER_PATH}/GTMSessionFetcher.framework",
				"${TARGET_BUILD_DIR}/${FRAMEWORKS_FOLDER_PATH}/GoogleToolboxForMac.framework",
				"${TARGET_BUILD_DIR}/${FRAMEWORKS_FOLDER_PATH}/Protobuf.framework",
				"${TARGET_BUILD_DIR}/${FRAMEWORKS_FOLDER_PATH}/leveldb.framework",
				"${TARGET_BUILD_DIR}/${FRAMEWORKS_FOLDER_PATH}/nanopb.framework",
			);
			runOnlyForDeploymentPostprocessing = 0;
			shellPath = /bin/sh;
			shellScript = "\"${SRCROOT}/Pods/Target Support Files/Pods-flayy/Pods-flayy-frameworks.sh\"\n";
			showEnvVarsInLog = 0;
		};
		39192EAB75BC7DF276214DAA /* [CP] Copy Pods Resources */ = {
			isa = PBXShellScriptBuildPhase;
			buildActionMask = 2147483647;
			files = (
			);
			inputPaths = (
				"${SRCROOT}/Pods/Target Support Files/Pods-flayy/Pods-flayy-resources.sh",
				"${PODS_ROOT}/GoogleMaps/Maps/Frameworks/GoogleMaps.framework/Resources/GoogleMaps.bundle",
				"${PODS_ROOT}/GooglePlaces/Frameworks/GooglePlaces.framework/Resources/GooglePlaces.bundle",
			);
			name = "[CP] Copy Pods Resources";
			outputPaths = (
				"${TARGET_BUILD_DIR}/${UNLOCALIZED_RESOURCES_FOLDER_PATH}",
			);
			runOnlyForDeploymentPostprocessing = 0;
			shellPath = /bin/sh;
			shellScript = "\"${SRCROOT}/Pods/Target Support Files/Pods-flayy/Pods-flayy-resources.sh\"\n";
			showEnvVarsInLog = 0;
		};
		8AE4A374AA1D9DBD993F1CA3 /* [CP] Check Pods Manifest.lock */ = {
			isa = PBXShellScriptBuildPhase;
			buildActionMask = 2147483647;
			files = (
			);
			inputPaths = (
				"${PODS_PODFILE_DIR_PATH}/Podfile.lock",
				"${PODS_ROOT}/Manifest.lock",
			);
			name = "[CP] Check Pods Manifest.lock";
			outputPaths = (
				"$(DERIVED_FILE_DIR)/Pods-flayy-checkManifestLockResult.txt",
			);
			runOnlyForDeploymentPostprocessing = 0;
			shellPath = /bin/sh;
			shellScript = "diff \"${PODS_PODFILE_DIR_PATH}/Podfile.lock\" \"${PODS_ROOT}/Manifest.lock\" > /dev/null\nif [ $? != 0 ] ; then\n    # print error to STDERR\n    echo \"error: The sandbox is not in sync with the Podfile.lock. Run 'pod install' or update your CocoaPods installation.\" >&2\n    exit 1\nfi\n# This output is used by Xcode 'outputs' to avoid re-running this script phase.\necho \"SUCCESS\" > \"${SCRIPT_OUTPUT_FILE_0}\"\n";
			showEnvVarsInLog = 0;
		};
/* End PBXShellScriptBuildPhase section */

/* Begin PBXSourcesBuildPhase section */
		41B719541F069C9C00A42014 /* Sources */ = {
			isa = PBXSourcesBuildPhase;
			buildActionMask = 2147483647;
			files = (
				4101DCD71F13C51B0096FC84 /* Four.swift in Sources */,
				4149906C1F2A617500A87B34 /* cicleBorderpic.swift in Sources */,
				41F8BD511F50A6310042B885 /* GroupsMenu.swift in Sources */,
				410836FF1F1CFEB500F929F4 /* menuDesignViewController.swift in Sources */,
				417F8A1A1F29210600C4AE58 /* asyncData.swift in Sources */,
				41C51F5F1F1E8586003B53D1 /* GroupSettingsViewController.swift in Sources */,
				41B7195E1F069C9C00A42014 /* LoginViewController.swift in Sources */,
				41ACBAE31F460C9E00C8DFB9 /* keyboardDesign.swift in Sources */,
				414524691F575DD60095C8F2 /* utils.swift in Sources */,
				41CCFCFB1F0BC5A500F4AC89 /* MapViewController.swift in Sources */,
				4145246D1F5DA51D0095C8F2 /* menuTableViewCell.swift in Sources */,
				417F8A171F28DA7E00C4AE58 /* Rounded.swift in Sources */,
				414524731F5EF1A20095C8F2 /* firebaseManager.swift in Sources */,
				414524751F5EF4900095C8F2 /* reachNet.swift in Sources */,
				414524771F634B7D0095C8F2 /* waspyMemberMarker.swift in Sources */,
				41DCA1BB1F743248001B23F4 /* GroupSelectorViewController.swift in Sources */,
				4111D0D51F3273C10045AEF4 /* CustomMenu.swift in Sources */,
				41D416621F214E7E00BC7BDC /* PicMemberTableViewCell.swift in Sources */,
				4104F4041F1FBC6D00F222B9 /* PlacesViewController.swift in Sources */,
				412BC81E1F4DD7A20066E9B2 /* Login2ViewController.swift in Sources */,
				410837031F1CFEF800F929F4 /* membersSelectViewController.swift in Sources */,
				4104F40C1F200BC800F222B9 /* PlacesConfigViewController.swift in Sources */,
				4101DCD11F13BEC90096FC84 /* One.swift in Sources */,
				4101DCD31F13C4890096FC84 /* Two.swift in Sources */,
				41932AFC1F68288100BACA70 /* LocationServices.swift in Sources */,
				410837051F1D141800F929F4 /* helpViewController.swift in Sources */,
				4101DCDC1F13D56C0096FC84 /* Three.swift in Sources */,
				410837011F1CFED800F929F4 /* gruposSelectViewController.swift in Sources */,
				41C2CF331F20F128008F8370 /* PlacesMapViewController.swift in Sources */,
				410B334A1F6AF73E00F3F443 /* GeoNotification.swift in Sources */,
				41CCFD011F0C0D8200F4AC89 /* userSettings.swift in Sources */,
				4194EA9A1F1044F0002A4F21 /* HelpController.swift in Sources */,
				41B7195C1F069C9C00A42014 /* AppDelegate.swift in Sources */,
				41C51F611F1E8FA3003B53D1 /* MemberDataTableViewCell.swift in Sources */,
				417E64701F16703200DDA8F8 /* MapController.swift in Sources */,
				4101DCD91F13CB760096FC84 /* Gif.swift in Sources */,
			);
			runOnlyForDeploymentPostprocessing = 0;
		};
		41B719681F069C9C00A42014 /* Sources */ = {
			isa = PBXSourcesBuildPhase;
			buildActionMask = 2147483647;
			files = (
				41B719711F069C9C00A42014 /* flayyTests.swift in Sources */,
			);
			runOnlyForDeploymentPostprocessing = 0;
		};
		41B719731F069C9C00A42014 /* Sources */ = {
			isa = PBXSourcesBuildPhase;
			buildActionMask = 2147483647;
			files = (
				41B7197C1F069C9C00A42014 /* flayyUITests.swift in Sources */,
			);
			runOnlyForDeploymentPostprocessing = 0;
		};
/* End PBXSourcesBuildPhase section */

/* Begin PBXTargetDependency section */
		41B7196E1F069C9C00A42014 /* PBXTargetDependency */ = {
			isa = PBXTargetDependency;
			target = 41B719571F069C9C00A42014 /* flayy */;
			targetProxy = 41B7196D1F069C9C00A42014 /* PBXContainerItemProxy */;
		};
		41B719791F069C9C00A42014 /* PBXTargetDependency */ = {
			isa = PBXTargetDependency;
			target = 41B719571F069C9C00A42014 /* flayy */;
			targetProxy = 41B719781F069C9C00A42014 /* PBXContainerItemProxy */;
		};
/* End PBXTargetDependency section */

/* Begin PBXVariantGroup section */
		41B7195F1F069C9C00A42014 /* Main.storyboard */ = {
			isa = PBXVariantGroup;
			children = (
				41B719601F069C9C00A42014 /* Base */,
			);
			name = Main.storyboard;
			sourceTree = "<group>";
		};
		41B719641F069C9C00A42014 /* LaunchScreen.storyboard */ = {
			isa = PBXVariantGroup;
			children = (
				41B719651F069C9C00A42014 /* Base */,
			);
			name = LaunchScreen.storyboard;
			sourceTree = "<group>";
		};
/* End PBXVariantGroup section */

/* Begin XCBuildConfiguration section */
		41B7197E1F069C9C00A42014 /* Debug */ = {
			isa = XCBuildConfiguration;
			buildSettings = {
				ALWAYS_SEARCH_USER_PATHS = NO;
				CLANG_ANALYZER_NONNULL = YES;
				CLANG_ANALYZER_NUMBER_OBJECT_CONVERSION = YES_AGGRESSIVE;
				CLANG_CXX_LANGUAGE_STANDARD = "gnu++0x";
				CLANG_CXX_LIBRARY = "libc++";
				CLANG_ENABLE_MODULES = YES;
				CLANG_ENABLE_OBJC_ARC = YES;
				CLANG_WARN_BLOCK_CAPTURE_AUTORELEASING = YES;
				CLANG_WARN_BOOL_CONVERSION = YES;
				CLANG_WARN_COMMA = YES;
				CLANG_WARN_CONSTANT_CONVERSION = YES;
				CLANG_WARN_DIRECT_OBJC_ISA_USAGE = YES_ERROR;
				CLANG_WARN_DOCUMENTATION_COMMENTS = YES;
				CLANG_WARN_EMPTY_BODY = YES;
				CLANG_WARN_ENUM_CONVERSION = YES;
				CLANG_WARN_INFINITE_RECURSION = YES;
				CLANG_WARN_INT_CONVERSION = YES;
				CLANG_WARN_NON_LITERAL_NULL_CONVERSION = YES;
				CLANG_WARN_OBJC_LITERAL_CONVERSION = YES;
				CLANG_WARN_OBJC_ROOT_CLASS = YES_ERROR;
				CLANG_WARN_RANGE_LOOP_ANALYSIS = YES;
				CLANG_WARN_STRICT_PROTOTYPES = YES;
				CLANG_WARN_SUSPICIOUS_MOVE = YES;
				CLANG_WARN_UNREACHABLE_CODE = YES;
				CLANG_WARN__DUPLICATE_METHOD_MATCH = YES;
				"CODE_SIGN_IDENTITY[sdk=iphoneos*]" = "iPhone Developer";
				COPY_PHASE_STRIP = NO;
				DEBUG_INFORMATION_FORMAT = dwarf;
				ENABLE_STRICT_OBJC_MSGSEND = YES;
				ENABLE_TESTABILITY = YES;
				GCC_C_LANGUAGE_STANDARD = gnu99;
				GCC_DYNAMIC_NO_PIC = NO;
				GCC_NO_COMMON_BLOCKS = YES;
				GCC_OPTIMIZATION_LEVEL = 0;
				GCC_PREPROCESSOR_DEFINITIONS = (
					"DEBUG=1",
					"$(inherited)",
				);
				GCC_WARN_64_TO_32_BIT_CONVERSION = YES;
				GCC_WARN_ABOUT_RETURN_TYPE = YES_ERROR;
				GCC_WARN_UNDECLARED_SELECTOR = YES;
				GCC_WARN_UNINITIALIZED_AUTOS = YES_AGGRESSIVE;
				GCC_WARN_UNUSED_FUNCTION = YES;
				GCC_WARN_UNUSED_VARIABLE = YES;
				IPHONEOS_DEPLOYMENT_TARGET = 10.3;
				MTL_ENABLE_DEBUG_INFO = YES;
				ONLY_ACTIVE_ARCH = YES;
				SDKROOT = iphoneos;
				SWIFT_ACTIVE_COMPILATION_CONDITIONS = DEBUG;
				SWIFT_OPTIMIZATION_LEVEL = "-Onone";
				TARGETED_DEVICE_FAMILY = "1,2";
			};
			name = Debug;
		};
		41B7197F1F069C9C00A42014 /* Release */ = {
			isa = XCBuildConfiguration;
			buildSettings = {
				ALWAYS_SEARCH_USER_PATHS = NO;
				CLANG_ANALYZER_NONNULL = YES;
				CLANG_ANALYZER_NUMBER_OBJECT_CONVERSION = YES_AGGRESSIVE;
				CLANG_CXX_LANGUAGE_STANDARD = "gnu++0x";
				CLANG_CXX_LIBRARY = "libc++";
				CLANG_ENABLE_MODULES = YES;
				CLANG_ENABLE_OBJC_ARC = YES;
				CLANG_WARN_BLOCK_CAPTURE_AUTORELEASING = YES;
				CLANG_WARN_BOOL_CONVERSION = YES;
				CLANG_WARN_COMMA = YES;
				CLANG_WARN_CONSTANT_CONVERSION = YES;
				CLANG_WARN_DIRECT_OBJC_ISA_USAGE = YES_ERROR;
				CLANG_WARN_DOCUMENTATION_COMMENTS = YES;
				CLANG_WARN_EMPTY_BODY = YES;
				CLANG_WARN_ENUM_CONVERSION = YES;
				CLANG_WARN_INFINITE_RECURSION = YES;
				CLANG_WARN_INT_CONVERSION = YES;
				CLANG_WARN_NON_LITERAL_NULL_CONVERSION = YES;
				CLANG_WARN_OBJC_LITERAL_CONVERSION = YES;
				CLANG_WARN_OBJC_ROOT_CLASS = YES_ERROR;
				CLANG_WARN_RANGE_LOOP_ANALYSIS = YES;
				CLANG_WARN_STRICT_PROTOTYPES = YES;
				CLANG_WARN_SUSPICIOUS_MOVE = YES;
				CLANG_WARN_UNREACHABLE_CODE = YES;
				CLANG_WARN__DUPLICATE_METHOD_MATCH = YES;
				"CODE_SIGN_IDENTITY[sdk=iphoneos*]" = "iPhone Developer";
				COPY_PHASE_STRIP = NO;
				DEBUG_INFORMATION_FORMAT = "dwarf-with-dsym";
				ENABLE_NS_ASSERTIONS = NO;
				ENABLE_STRICT_OBJC_MSGSEND = YES;
				GCC_C_LANGUAGE_STANDARD = gnu99;
				GCC_NO_COMMON_BLOCKS = YES;
				GCC_WARN_64_TO_32_BIT_CONVERSION = YES;
				GCC_WARN_ABOUT_RETURN_TYPE = YES_ERROR;
				GCC_WARN_UNDECLARED_SELECTOR = YES;
				GCC_WARN_UNINITIALIZED_AUTOS = YES_AGGRESSIVE;
				GCC_WARN_UNUSED_FUNCTION = YES;
				GCC_WARN_UNUSED_VARIABLE = YES;
				IPHONEOS_DEPLOYMENT_TARGET = 10.3;
				MTL_ENABLE_DEBUG_INFO = NO;
				SDKROOT = iphoneos;
				SWIFT_OPTIMIZATION_LEVEL = "-Owholemodule";
				TARGETED_DEVICE_FAMILY = "1,2";
				VALIDATE_PRODUCT = YES;
			};
			name = Release;
		};
		41B719811F069C9C00A42014 /* Debug */ = {
			isa = XCBuildConfiguration;
			baseConfigurationReference = 20E887C42BE03AF747CE576D /* Pods-flayy.debug.xcconfig */;
			buildSettings = {
				ASSETCATALOG_COMPILER_APPICON_NAME = AppIcon;
				CODE_SIGN_ENTITLEMENTS = flayy/flayy.entitlements;
				DEVELOPMENT_TEAM = 48N454AR6Q;
				FRAMEWORK_SEARCH_PATHS = (
					"$(inherited)",
					"$(PROJECT_DIR)/Pods/GoogleMaps/Maps/Frameworks",
				);
				INFOPLIST_FILE = flayy/Info.plist;
				IPHONEOS_DEPLOYMENT_TARGET = 10.3;
				LD_RUNPATH_SEARCH_PATHS = "$(inherited) @executable_path/Frameworks";
				PRODUCT_BUNDLE_IDENTIFIER = com.camsa.waspy;
				PRODUCT_NAME = "$(TARGET_NAME)";
				SWIFT_SWIFT3_OBJC_INFERENCE = Off;
				SWIFT_VERSION = 4.0;
			};
			name = Debug;
		};
		41B719821F069C9C00A42014 /* Release */ = {
			isa = XCBuildConfiguration;
			baseConfigurationReference = 950118D2E87C3BF17F776766 /* Pods-flayy.release.xcconfig */;
			buildSettings = {
				ASSETCATALOG_COMPILER_APPICON_NAME = AppIcon;
				CODE_SIGN_ENTITLEMENTS = flayy/flayy.entitlements;
				DEVELOPMENT_TEAM = 48N454AR6Q;
				FRAMEWORK_SEARCH_PATHS = (
					"$(inherited)",
					"$(PROJECT_DIR)/Pods/GoogleMaps/Maps/Frameworks",
				);
				INFOPLIST_FILE = flayy/Info.plist;
				IPHONEOS_DEPLOYMENT_TARGET = 10.3;
				LD_RUNPATH_SEARCH_PATHS = "$(inherited) @executable_path/Frameworks";
				PRODUCT_BUNDLE_IDENTIFIER = com.camsa.waspy;
				PRODUCT_NAME = "$(TARGET_NAME)";
				SWIFT_SWIFT3_OBJC_INFERENCE = Off;
				SWIFT_VERSION = 4.0;
			};
			name = Release;
		};
		41B719841F069C9C00A42014 /* Debug */ = {
			isa = XCBuildConfiguration;
			buildSettings = {
				ALWAYS_EMBED_SWIFT_STANDARD_LIBRARIES = YES;
				BUNDLE_LOADER = "$(TEST_HOST)";
				DEVELOPMENT_TEAM = 48N454AR6Q;
				INFOPLIST_FILE = flayyTests/Info.plist;
				LD_RUNPATH_SEARCH_PATHS = "$(inherited) @executable_path/Frameworks @loader_path/Frameworks";
				PRODUCT_BUNDLE_IDENTIFIER = com.camsa.flayyTests;
				PRODUCT_NAME = "$(TARGET_NAME)";
				SWIFT_SWIFT3_OBJC_INFERENCE = On;
				SWIFT_VERSION = 4.0;
				TEST_HOST = "$(BUILT_PRODUCTS_DIR)/flayy.app/flayy";
			};
			name = Debug;
		};
		41B719851F069C9C00A42014 /* Release */ = {
			isa = XCBuildConfiguration;
			buildSettings = {
				ALWAYS_EMBED_SWIFT_STANDARD_LIBRARIES = YES;
				BUNDLE_LOADER = "$(TEST_HOST)";
				DEVELOPMENT_TEAM = 48N454AR6Q;
				INFOPLIST_FILE = flayyTests/Info.plist;
				LD_RUNPATH_SEARCH_PATHS = "$(inherited) @executable_path/Frameworks @loader_path/Frameworks";
				PRODUCT_BUNDLE_IDENTIFIER = com.camsa.flayyTests;
				PRODUCT_NAME = "$(TARGET_NAME)";
				SWIFT_SWIFT3_OBJC_INFERENCE = On;
				SWIFT_VERSION = 4.0;
				TEST_HOST = "$(BUILT_PRODUCTS_DIR)/flayy.app/flayy";
			};
			name = Release;
		};
		41B719871F069C9C00A42014 /* Debug */ = {
			isa = XCBuildConfiguration;
			buildSettings = {
				ALWAYS_EMBED_SWIFT_STANDARD_LIBRARIES = YES;
				DEVELOPMENT_TEAM = 48N454AR6Q;
				INFOPLIST_FILE = flayyUITests/Info.plist;
				LD_RUNPATH_SEARCH_PATHS = "$(inherited) @executable_path/Frameworks @loader_path/Frameworks";
				PRODUCT_BUNDLE_IDENTIFIER = com.camsa.flayyUITests;
				PRODUCT_NAME = "$(TARGET_NAME)";
				SWIFT_SWIFT3_OBJC_INFERENCE = On;
				SWIFT_VERSION = 4.0;
				TEST_TARGET_NAME = flayy;
			};
			name = Debug;
		};
		41B719881F069C9C00A42014 /* Release */ = {
			isa = XCBuildConfiguration;
			buildSettings = {
				ALWAYS_EMBED_SWIFT_STANDARD_LIBRARIES = YES;
				DEVELOPMENT_TEAM = 48N454AR6Q;
				INFOPLIST_FILE = flayyUITests/Info.plist;
				LD_RUNPATH_SEARCH_PATHS = "$(inherited) @executable_path/Frameworks @loader_path/Frameworks";
				PRODUCT_BUNDLE_IDENTIFIER = com.camsa.flayyUITests;
				PRODUCT_NAME = "$(TARGET_NAME)";
				SWIFT_SWIFT3_OBJC_INFERENCE = On;
				SWIFT_VERSION = 4.0;
				TEST_TARGET_NAME = flayy;
			};
			name = Release;
		};
/* End XCBuildConfiguration section */

/* Begin XCConfigurationList section */
		41B719531F069C9C00A42014 /* Build configuration list for PBXProject "flayy" */ = {
			isa = XCConfigurationList;
			buildConfigurations = (
				41B7197E1F069C9C00A42014 /* Debug */,
				41B7197F1F069C9C00A42014 /* Release */,
			);
			defaultConfigurationIsVisible = 0;
			defaultConfigurationName = Debug;
		};
		41B719801F069C9C00A42014 /* Build configuration list for PBXNativeTarget "flayy" */ = {
			isa = XCConfigurationList;
			buildConfigurations = (
				41B719811F069C9C00A42014 /* Debug */,
				41B719821F069C9C00A42014 /* Release */,
			);
			defaultConfigurationIsVisible = 0;
			defaultConfigurationName = Debug;
		};
		41B719831F069C9C00A42014 /* Build configuration list for PBXNativeTarget "flayyTests" */ = {
			isa = XCConfigurationList;
			buildConfigurations = (
				41B719841F069C9C00A42014 /* Debug */,
				41B719851F069C9C00A42014 /* Release */,
			);
			defaultConfigurationIsVisible = 0;
			defaultConfigurationName = Debug;
		};
		41B719861F069C9C00A42014 /* Build configuration list for PBXNativeTarget "flayyUITests" */ = {
			isa = XCConfigurationList;
			buildConfigurations = (
				41B719871F069C9C00A42014 /* Debug */,
				41B719881F069C9C00A42014 /* Release */,
			);
			defaultConfigurationIsVisible = 0;
			defaultConfigurationName = Debug;
		};
/* End XCConfigurationList section */
	};
	rootObject = 41B719501F069C9C00A42014 /* Project object */;
}
